<?xml version="1.0" encoding="utf-8"?>
<Project ToolsVersion="4.0" xmlns="http://schemas.microsoft.com/developer/msbuild/2003">
  <ItemGroup>
    <Filter Include="Source Files">
      <UniqueIdentifier>{4FC737F1-C7A5-4376-A066-2A32D752A2FF}</UniqueIdentifier>
      <Extensions>cpp;c;cc;cxx;def;odl;idl;hpj;bat;asm;asmx</Extensions>
    </Filter>
    <Filter Include="Header Files">
      <UniqueIdentifier>{93995380-89BD-4b04-88EB-625FBE52EBFB}</UniqueIdentifier>
      <Extensions>h;hh;hpp;hxx;hm;inl;inc;xsd</Extensions>
    </Filter>
    <Filter Include="Resource Files">
      <UniqueIdentifier>{67DA6AB6-F800-4c08-8B7A-83BB121AAD01}</UniqueIdentifier>
      <Extensions>rc;ico;cur;bmp;dlg;rc2;rct;bin;rgs;gif;jpg;jpeg;jpe;resx;tiff;tif;png;wav;mfcribbon-ms</Extensions>
    </Filter>
    <Filter Include="Source Files\LCProblems">
      <UniqueIdentifier>{c271be3c-fd35-4b58-a4a4-1c6dca3b95ce}</UniqueIdentifier>
    </Filter>
    <Filter Include="Source Files\Basics">
      <UniqueIdentifier>{9eb51fce-63f2-45bf-80b2-0905ac70172e}</UniqueIdentifier>
    </Filter>
    <Filter Include="Source Files\LCProblems\Sort">
      <UniqueIdentifier>{dec7e612-3915-46b6-baf6-10e388b55c83}</UniqueIdentifier>
    </Filter>
    <Filter Include="Source Files\DataStructures">
      <UniqueIdentifier>{91bdd5d2-3dda-4659-9f15-900eb750946e}</UniqueIdentifier>
    </Filter>
    <Filter Include="Source Files\LCProblems\Trie">
      <UniqueIdentifier>{4e4b2dd2-d4a8-4223-91a8-71c14f7f12c8}</UniqueIdentifier>
    </Filter>
    <Filter Include="Source Files\LCProblems\Array">
      <UniqueIdentifier>{a924336d-23a9-4e58-b7e0-8ace02daa50f}</UniqueIdentifier>
    </Filter>
    <Filter Include="Source Files\LCProblems\BinarySearch">
      <UniqueIdentifier>{f81ba3ce-72ad-4979-b102-a5e643b0179a}</UniqueIdentifier>
    </Filter>
    <Filter Include="Source Files\LCProblems\Heap">
      <UniqueIdentifier>{976a33a2-ff36-4fad-a3ae-8779b9a40a9f}</UniqueIdentifier>
    </Filter>
    <Filter Include="Source Files\LCProblems\Matrix">
      <UniqueIdentifier>{4e584306-8e47-46d0-b7f8-48976a824b4d}</UniqueIdentifier>
    </Filter>
    <Filter Include="Source Files\LCProblems\Stack">
      <UniqueIdentifier>{85d2e07e-d4f0-4dcc-b1fc-ae20bdde21b0}</UniqueIdentifier>
    </Filter>
    <Filter Include="Source Files\LCProblems\DP">
      <UniqueIdentifier>{2296fc2b-5d09-4848-ba00-cb10bcb115f2}</UniqueIdentifier>
    </Filter>
    <Filter Include="Source Files\LCProblems\BFS">
      <UniqueIdentifier>{8df63163-452d-4b26-a4d0-8ab9e42c09d9}</UniqueIdentifier>
    </Filter>
    <Filter Include="Source Files\LCProblems\DFS">
      <UniqueIdentifier>{a56b515d-0d06-443f-a5a4-fe85ed4ba709}</UniqueIdentifier>
    </Filter>
    <Filter Include="Source Files\LCProblems\BitManipulation">
      <UniqueIdentifier>{d4ab8e47-138e-4d33-80cf-11a1ab0d8336}</UniqueIdentifier>
    </Filter>
    <Filter Include="Source Files\LCProblems\LinkedList">
      <UniqueIdentifier>{58541adc-8ac0-4dcb-a492-5b9fff804885}</UniqueIdentifier>
    </Filter>
    <Filter Include="Source Files\LCProblems\HashTable">
      <UniqueIdentifier>{049dea1c-e404-4b67-a530-cc7238ec31a0}</UniqueIdentifier>
    </Filter>
    <Filter Include="Source Files\LCProblems\Tree">
      <UniqueIdentifier>{69293816-7926-496e-a098-4713bd3a827a}</UniqueIdentifier>
    </Filter>
    <Filter Include="Source Files\LCProblems\String">
      <UniqueIdentifier>{20f2b7ba-0153-4687-b43e-fb0a45331b5e}</UniqueIdentifier>
    </Filter>
  </ItemGroup>
  <ItemGroup>
    <ClCompile Include="AddAndSearchWord.cpp">
      <Filter>Source Files\LCProblems</Filter>
    </ClCompile>
    <ClCompile Include="..\..\..\Joanne%27s Data\LCProject\LCProject\CountPrimes.cpp">
      <Filter>Source Files\LCProblems</Filter>
    </ClCompile>
    <ClCompile Include="..\..\..\Joanne%27s Data\LCProject\LCProject\CourseSchedule.cpp">
      <Filter>Source Files\LCProblems</Filter>
    </ClCompile>
    <ClCompile Include="..\..\..\Joanne%27s Data\LCProject\LCProject\DungeonGame.cpp">
      <Filter>Source Files\LCProblems</Filter>
    </ClCompile>
    <ClCompile Include="ExcelCol.cpp">
      <Filter>Source Files\LCProblems</Filter>
    </ClCompile>
    <ClCompile Include="FracToDec.cpp">
      <Filter>Source Files\LCProblems</Filter>
    </ClCompile>
    <ClCompile Include="..\..\..\Joanne%27s Data\LCProject\LCProject\HammingWeight.cpp">
      <Filter>Source Files\LCProblems</Filter>
    </ClCompile>
    <ClCompile Include="..\..\..\Joanne%27s Data\LCProject\LCProject\HappyNumber.cpp">
      <Filter>Source Files\LCProblems</Filter>
    </ClCompile>
    <ClCompile Include="..\..\..\Joanne%27s Data\LCProject\LCProject\HouseRob.cpp">
      <Filter>Source Files\LCProblems</Filter>
    </ClCompile>
    <ClCompile Include="..\..\..\Joanne%27s Data\LCProject\LCProject\Islands.cpp">
      <Filter>Source Files\LCProblems</Filter>
    </ClCompile>
    <ClCompile Include="..\..\..\Joanne%27s Data\LCProject\LCProject\IsomorphicString.cpp">
      <Filter>Source Files\LCProblems</Filter>
    </ClCompile>
    <ClCompile Include="..\..\..\Joanne%27s Data\LCProject\LCProject\LargestNum.cpp">
      <Filter>Source Files\LCProblems</Filter>
    </ClCompile>
    <ClCompile Include="..\..\..\Joanne%27s Data\LCProject\LCProject\MinSizeSubarraySum.cpp">
      <Filter>Source Files\LCProblems</Filter>
    </ClCompile>
    <ClCompile Include="..\..\..\Joanne%27s Data\LCProject\LCProject\ReverseBit.cpp">
      <Filter>Source Files\LCProblems</Filter>
    </ClCompile>
    <ClCompile Include="VersionComp.cpp">
      <Filter>Source Files\LCProblems</Filter>
    </ClCompile>
    <ClCompile Include="..\..\..\Joanne%27s Data\LCProject\LCProject\1_SelectionSort.cpp">
      <Filter>Source Files\Basics</Filter>
    </ClCompile>
    <ClCompile Include="1_QuickSort.cpp">
      <Filter>Source Files\Basics</Filter>
    </ClCompile>
    <ClCompile Include="..\..\..\Joanne%27s Data\LCProject\LCProject\1_MergeSort.cpp">
      <Filter>Source Files\Basics</Filter>
    </ClCompile>
    <ClCompile Include="..\..\..\Joanne%27s Data\LCProject\LCProject\1_RainbowSort.cpp">
      <Filter>Source Files\Basics</Filter>
    </ClCompile>
    <ClCompile Include="..\..\..\Joanne%27s Data\LCProject\LCProject\1_Move0sToTheEnd1.cpp">
      <Filter>Source Files\Basics</Filter>
    </ClCompile>
    <ClCompile Include="..\..\..\Joanne%27s Data\LCProject\LCProject\2_BinarySearch.cpp">
      <Filter>Source Files\Basics</Filter>
    </ClCompile>
    <ClCompile Include="..\..\..\Joanne%27s Data\LCProject\LCProject\2_SearchSizeUnknownArray.cpp">
      <Filter>Source Files\Basics</Filter>
    </ClCompile>
    <ClCompile Include="..\..\..\Joanne%27s Data\LCProject\LCProject\2_Fibonacci.cpp">
      <Filter>Source Files\Basics</Filter>
    </ClCompile>
    <ClCompile Include="..\..\..\Joanne%27s Data\LCProject\LCProject\2_PowerBofA.cpp">
      <Filter>Source Files\Basics</Filter>
    </ClCompile>
    <ClCompile Include="2_SearchSortedMatrix.cpp">
      <Filter>Source Files\Basics</Filter>
    </ClCompile>
    <ClCompile Include="4_MedianOf2SortedArray.cpp">
      <Filter>Source Files\LCProblems\Sort</Filter>
    </ClCompile>
    <ClCompile Include="..\..\..\Joanne%27s Data\LCProject\LCProject\21_Merge2SortedLists.cpp">
      <Filter>Source Files\LCProblems\Sort</Filter>
    </ClCompile>
    <ClCompile Include="..\..\..\Joanne%27s Data\LCProject\LCProject\26_RemoveDuplicatesFromSortedArray.cpp">
      <Filter>Source Files\LCProblems\Sort</Filter>
    </ClCompile>
    <ClCompile Include="..\..\..\Joanne%27s Data\LCProject\LCProject\33_SearchInRotatedSortedArray.cpp">
      <Filter>Source Files\LCProblems\Sort</Filter>
    </ClCompile>
    <ClCompile Include="..\..\..\Joanne%27s Data\LCProject\LCProject\77_SortColors.cpp">
      <Filter>Source Files\LCProblems\Sort</Filter>
    </ClCompile>
    <ClCompile Include="..\..\..\Joanne%27s Data\LCProject\LCProject\80_RemoveDuplicatesFromSortedArrayII.cpp">
      <Filter>Source Files\LCProblems\Sort</Filter>
    </ClCompile>
    <ClCompile Include="..\..\..\Joanne%27s Data\LCProject\LCProject\81_SearchInRotatedSortedArrayII.cpp">
      <Filter>Source Files\LCProblems\Sort</Filter>
    </ClCompile>
    <ClCompile Include="..\..\..\Joanne%27s Data\LCProject\LCProject\82_RemoveDuplicatesFromSortedListII.cpp">
      <Filter>Source Files\LCProblems\Sort</Filter>
    </ClCompile>
    <ClCompile Include="..\..\..\Joanne%27s Data\LCProject\LCProject\83_RemoveDuplicatesFromSortedList.cpp">
      <Filter>Source Files\LCProblems\Sort</Filter>
    </ClCompile>
    <ClCompile Include="..\..\..\Joanne%27s Data\LCProject\LCProject\88_MergeSortedArray.cpp">
      <Filter>Source Files\LCProblems\Sort</Filter>
    </ClCompile>
    <ClCompile Include="..\..\..\Joanne%27s Data\LCProject\LCProject\ListNode.cpp">
      <Filter>Source Files\DataStructures</Filter>
    </ClCompile>
    <ClCompile Include="..\..\..\Joanne%27s Data\LCProject\LCProject\147_InsertionSortList.cpp">
      <Filter>Source Files\LCProblems\Sort</Filter>
    </ClCompile>
    <ClCompile Include="..\..\..\Joanne%27s Data\LCProject\LCProject\148_SortList.cpp">
      <Filter>Source Files\LCProblems\Sort</Filter>
    </ClCompile>
    <ClCompile Include="153_FindMinInRotatedSortedArray.cpp">
      <Filter>Source Files\LCProblems\Sort</Filter>
    </ClCompile>
    <ClCompile Include="..\..\..\Joanne%27s Data\LCProject\LCProject\154_FindMinInRotatedSortedArrayII.cpp">
      <Filter>Source Files\LCProblems\Sort</Filter>
    </ClCompile>
    <ClCompile Include="208_ImplementTrie.cpp">
      <Filter>Source Files\LCProblems\Trie</Filter>
    </ClCompile>
    <ClCompile Include="..\..\..\Joanne%27s Data\LCProject\LCProject\108_ConvertSortedArrayToBinarySearchTree.cpp">
      <Filter>Source Files\LCProblems\Tree</Filter>
    </ClCompile>
    <ClCompile Include="..\..\..\Joanne%27s Data\LCProject\LCProject\109_ConvertSortedListToBinarySearchTree.cpp">
      <Filter>Source Files\LCProblems\Tree</Filter>
    </ClCompile>
    <ClCompile Include="..\..\..\Joanne%27s Data\LCProject\LCProject\11_ContainerWithMostWater.cpp">
      <Filter>Source Files\LCProblems\Array</Filter>
    </ClCompile>
    <ClCompile Include="..\..\..\Joanne%27s Data\LCProject\LCProject\15_3Sum.cpp">
      <Filter>Source Files\LCProblems\Array</Filter>
    </ClCompile>
    <ClCompile Include="1_2Sum.cpp">
      <Filter>Source Files\LCProblems\Array</Filter>
    </ClCompile>
    <ClCompile Include="..\..\..\Joanne%27s Data\LCProject\LCProject\16_3SumClosest.cpp">
      <Filter>Source Files\LCProblems\Array</Filter>
    </ClCompile>
    <ClCompile Include="..\..\..\Joanne%27s Data\LCProject\LCProject\18_4Sum.cpp">
      <Filter>Source Files\LCProblems\Array</Filter>
    </ClCompile>
    <ClCompile Include="27_RemoveElement.cpp">
      <Filter>Source Files\LCProblems\Array</Filter>
    </ClCompile>
    <ClCompile Include="..\..\..\Joanne%27s Data\LCProject\LCProject\31_NextPermutation.cpp">
      <Filter>Source Files\LCProblems\Array</Filter>
    </ClCompile>
    <ClCompile Include="..\..\..\Joanne%27s Data\LCProject\LCProject\34_SearchForRange.cpp">
      <Filter>Source Files\LCProblems\BinarySearch</Filter>
    </ClCompile>
    <ClCompile Include="..\..\..\Joanne%27s Data\LCProject\LCProject\35_SearchInsertPosition.cpp">
      <Filter>Source Files\LCProblems\Array</Filter>
    </ClCompile>
    <ClCompile Include="..\..\..\Joanne%27s Data\LCProject\LCProject\41_FirstMissingPositive.cpp">
      <Filter>Source Files\LCProblems\Array</Filter>
    </ClCompile>
    <ClCompile Include="..\..\..\Joanne%27s Data\LCProject\LCProject\42_TrappingRainWater.cpp">
      <Filter>Source Files\LCProblems\Array</Filter>
    </ClCompile>
    <ClCompile Include="..\..\..\Joanne%27s Data\LCProject\LCProject\55_JumpGame.cpp">
      <Filter>Source Files\LCProblems\Array</Filter>
    </ClCompile>
    <ClCompile Include="..\..\..\Joanne%27s Data\LCProject\LCProject\56_MergeIntervals.cpp">
      <Filter>Source Files\LCProblems\Array</Filter>
    </ClCompile>
    <ClCompile Include="..\..\..\Joanne%27s Data\LCProject\LCProject\167_2SumSorted.cpp">
      <Filter>Source Files\LCProblems\Array</Filter>
    </ClCompile>
    <ClCompile Include="..\..\..\Joanne%27s Data\LCProject\LCProject\187_RepeatedDNA.cpp">
      <Filter>Source Files\LCProblems\HashTable</Filter>
    </ClCompile>
    <ClCompile Include="..\..\..\Joanne%27s Data\LCProject\LCProject\378_KthSmallestElementInSortedMatrix.cpp">
      <Filter>Source Files\LCProblems\Heap</Filter>
    </ClCompile>
    <ClCompile Include="..\..\..\Joanne%27s Data\LCProject\LCProject\23_MergeKSortedLists.cpp">
      <Filter>Source Files\LCProblems\Heap</Filter>
    </ClCompile>
    <ClCompile Include="..\..\..\Joanne%27s Data\LCProject\LCProject\240_Search2DMatrixII.cpp">
      <Filter>Source Files\LCProblems\Tree</Filter>
    </ClCompile>
    <ClCompile Include="..\..\..\Joanne%27s Data\LCProject\LCProject\128_LongestConsecutiveSequence.cpp">
      <Filter>Source Files\LCProblems\Array</Filter>
    </ClCompile>
    <ClCompile Include="..\..\..\Joanne%27s Data\LCProject\LCProject\48_RotateImage.cpp">
      <Filter>Source Files\LCProblems\Matrix</Filter>
    </ClCompile>
    <ClCompile Include="..\..\..\Joanne%27s Data\LCProject\LCProject\54_SpiralMatrix.cpp">
      <Filter>Source Files\LCProblems\Matrix</Filter>
    </ClCompile>
    <ClCompile Include="..\..\..\Joanne%27s Data\LCProject\LCProject\59_SpiralMatrixII.cpp">
      <Filter>Source Files\LCProblems\Matrix</Filter>
    </ClCompile>
    <ClCompile Include="155_MinStack.cpp">
      <Filter>Source Files\LCProblems\Stack</Filter>
    </ClCompile>
    <ClCompile Include="..\..\..\Joanne%27s Data\LCProject\LCProject\45_JumpGameII.cpp">
      <Filter>Source Files\LCProblems\BFS</Filter>
    </ClCompile>
    <ClCompile Include="..\..\..\Joanne%27s Data\LCProject\LCProject\39_CombinationSum.cpp">
      <Filter>Source Files\LCProblems\DFS</Filter>
    </ClCompile>
    <ClCompile Include="..\..\..\Joanne%27s Data\LCProject\LCProject\40_CombinationSumII.cpp">
      <Filter>Source Files\LCProblems\DFS</Filter>
    </ClCompile>
    <ClCompile Include="..\..\..\Joanne%27s Data\LCProject\LCProject\216_CombinationSumIII.cpp">
      <Filter>Source Files\LCProblems\DFS</Filter>
    </ClCompile>
    <ClCompile Include="..\..\..\Joanne%27s Data\LCProject\LCProject\377_CombinationSumIV.cpp">
      <Filter>Source Files\LCProblems\DP</Filter>
    </ClCompile>
    <ClCompile Include="201_BitwiseAND.cpp">
      <Filter>Source Files\LCProblems\BitManipulation</Filter>
    </ClCompile>
    <ClCompile Include="199_BSTRightView.cpp">
      <Filter>Source Files\LCProblems\Tree</Filter>
    </ClCompile>
    <ClCompile Include="203_RemoveLinkedListElement.cpp">
      <Filter>Source Files\LCProblems\LinkedList</Filter>
    </ClCompile>
    <ClCompile Include="206_ReverseLinkedList.cpp">
      <Filter>Source Files\LCProblems\LinkedList</Filter>
    </ClCompile>
    <ClCompile Include="..\..\..\Joanne%27s Data\LCProject\LCProject\53_MaximumSubarray.cpp">
      <Filter>Source Files\LCProblems\DP</Filter>
    </ClCompile>
    <ClCompile Include="57_InsertInterval.cpp">
      <Filter>Source Files\LCProblems\Array</Filter>
    </ClCompile>
    <ClCompile Include="..\..\..\Joanne%27s Data\LCProject\LCProject\62_UniquePath.cpp">
      <Filter>Source Files\LCProblems\DP</Filter>
    </ClCompile>
    <ClCompile Include="..\..\..\Joanne%27s Data\LCProject\LCProject\63_UniquePathII.cpp">
      <Filter>Source Files\LCProblems\DP</Filter>
    </ClCompile>
    <ClCompile Include="..\..\..\Joanne%27s Data\LCProject\LCProject\64_MinimumPathSum.cpp">
      <Filter>Source Files\LCProblems\DP</Filter>
    </ClCompile>
    <ClCompile Include="..\..\..\Joanne%27s Data\LCProject\LCProject\66_PlusOne.cpp">
      <Filter>Source Files\LCProblems\Array</Filter>
    </ClCompile>
    <ClCompile Include="..\..\..\Joanne%27s Data\LCProject\LCProject\73_SetMatrixZeros.cpp">
      <Filter>Source Files\LCProblems\Array</Filter>
    </ClCompile>
    <ClCompile Include="..\..\..\Joanne%27s Data\LCProject\LCProject\74_Search2DMatrix.cpp">
      <Filter>Source Files\LCProblems\Array</Filter>
    </ClCompile>
    <ClCompile Include="..\..\..\Joanne%27s Data\LCProject\LCProject\78_Subsets.cpp">
      <Filter>Source Files\LCProblems\Array</Filter>
    </ClCompile>
    <ClCompile Include="..\..\..\Joanne%27s Data\LCProject\LCProject\79_WordSearch.cpp">
      <Filter>Source Files\LCProblems\Array</Filter>
    </ClCompile>
    <ClCompile Include="90_SubsetsII.cpp">
      <Filter>Source Files\LCProblems\Array</Filter>
    </ClCompile>
    <ClCompile Include="..\..\..\Joanne%27s Data\LCProject\LCProject\485_MaxConsecutiveOnes.cpp">
      <Filter>Source Files\LCProblems\DP</Filter>
    </ClCompile>
    <ClCompile Include="..\..\..\Joanne%27s Data\LCProject\LCProject\448_FindAllNumbersDisappearedInArray.cpp">
      <Filter>Source Files\LCProblems\Array</Filter>
    </ClCompile>
    <ClCompile Include="..\..\..\Joanne%27s Data\LCProject\LCProject\442_FindAllDuplicatesInArray.cpp">
      <Filter>Source Files\LCProblems\Array</Filter>
    </ClCompile>
    <ClCompile Include="..\..\..\Joanne%27s Data\LCProject\LCProject\414_ThirdMaximumNumber.cpp">
      <Filter>Source Files\LCProblems\Array</Filter>
    </ClCompile>
    <ClCompile Include="..\..\..\Joanne%27s Data\LCProject\LCProject\380_InsertDeleteGetRamdom.cpp">
      <Filter>Source Files\LCProblems\HashTable</Filter>
    </ClCompile>
    <ClCompile Include="..\..\..\Joanne%27s Data\LCProject\LCProject\381_InsertDeleteGetRandomII.cpp">
      <Filter>Source Files\LCProblems\HashTable</Filter>
    </ClCompile>
    <ClCompile Include="..\..\..\Joanne%27s Data\LCProject\LCProject\289_GameOfLife.cpp">
      <Filter>Source Files\LCProblems\Array</Filter>
    </ClCompile>
    <ClCompile Include="..\..\..\Joanne%27s Data\LCProject\LCProject\287_FindTheDuplicateNumber.cpp">
      <Filter>Source Files\LCProblems\Array</Filter>
    </ClCompile>
    <ClCompile Include="..\..\..\Joanne%27s Data\LCProject\LCProject\283_MoveZeros.cpp">
      <Filter>Source Files\LCProblems\Array</Filter>
    </ClCompile>
    <ClCompile Include="..\..\..\Joanne%27s Data\LCProject\LCProject\268_MissingNumber.cpp">
      <Filter>Source Files\LCProblems\Array</Filter>
    </ClCompile>
    <ClCompile Include="..\..\..\Joanne%27s Data\LCProject\LCProject\238_ProductOfArrayExceptSelf.cpp">
      <Filter>Source Files\LCProblems\Array</Filter>
    </ClCompile>
    <ClCompile Include="..\..\..\Joanne%27s Data\LCProject\LCProject\119_PascalTriangleII.cpp">
      <Filter>Source Files\LCProblems\Array</Filter>
    </ClCompile>
    <ClCompile Include="118_PascalTriangle.cpp">
      <Filter>Source Files\LCProblems\Array</Filter>
    </ClCompile>
    <ClCompile Include="..\..\..\Joanne%27s Data\LCProject\LCProject\169_MajorityElement.cpp">
      <Filter>Source Files\LCProblems\Array</Filter>
    </ClCompile>
    <ClCompile Include="229_MajorityElementII.cpp">
      <Filter>Source Files\LCProblems\Array</Filter>
    </ClCompile>
    <ClCompile Include="..\..\..\Joanne%27s Data\LCProject\LCProject\217_ContainsDuplicate.cpp">
      <Filter>Source Files\LCProblems\Array</Filter>
    </ClCompile>
    <ClCompile Include="..\..\..\Joanne%27s Data\LCProject\LCProject\219_ContainsDeuplicateII.cpp">
      <Filter>Source Files\LCProblems\Array</Filter>
    </ClCompile>
    <ClCompile Include="..\..\..\Joanne%27s Data\LCProject\LCProject\228_SummaryRanges.cpp">
      <Filter>Source Files\LCProblems\Array</Filter>
    </ClCompile>
    <ClCompile Include="..\..\..\Joanne%27s Data\LCProject\LCProject\209_MinimumSizeSubarraySum.cpp">
      <Filter>Source Files\LCProblems\Array</Filter>
    </ClCompile>
    <ClCompile Include="..\..\..\Joanne%27s Data\LCProject\LCProject\189_RotateArray.cpp">
      <Filter>Source Files\LCProblems\Array</Filter>
    </ClCompile>
    <ClCompile Include="..\..\..\Joanne%27s Data\LCProject\LCProject\162_FindPeakElement.cpp">
      <Filter>Source Files\LCProblems\Array</Filter>
    </ClCompile>
    <ClCompile Include="..\..\..\Joanne%27s Data\LCProject\LCProject\120_Triangle.cpp">
      <Filter>Source Files\LCProblems\DP</Filter>
    </ClCompile>
    <ClCompile Include="..\..\..\Joanne%27s Data\LCProject\LCProject\152_MaximumProductSubarray.cpp">
      <Filter>Source Files\LCProblems\DP</Filter>
    </ClCompile>
    <ClCompile Include="..\..\..\Joanne%27s Data\LCProject\LCProject\3_LongestSubstringWithoutRepeatingCharacters.cpp">
      <Filter>Source Files\LCProblems\HashTable</Filter>
    </ClCompile>
    <ClCompile Include="..\..\..\Joanne%27s Data\LCProject\LCProject\2_AddTwoNumbers.cpp">
      <Filter>Source Files\LCProblems\LinkedList</Filter>
    </ClCompile>
    <ClCompile Include="..\..\..\Joanne%27s Data\LCProject\LCProject\BST.cpp">
      <Filter>Source Files\DataStructures</Filter>
    </ClCompile>
    <ClCompile Include="..\..\..\Joanne%27s Data\LCProject\LCProject\445_AddTwoNumbersII.cpp">
      <Filter>Source Files\LCProblems\LinkedList</Filter>
    </ClCompile>
    <ClCompile Include="160_IntersectionOfTwoLinkedLists.cpp">
      <Filter>Source Files\LCProblems\LinkedList</Filter>
    </ClCompile>
    <ClCompile Include="..\..\..\Joanne%27s Data\LCProject\LCProject\141_LinkedListCycle.cpp">
      <Filter>Source Files\LCProblems\LinkedList</Filter>
    </ClCompile>
    <ClCompile Include="..\..\..\Joanne%27s Data\LCProject\LCProject\142_LinkedListCycleII.cpp">
      <Filter>Source Files\LCProblems\LinkedList</Filter>
    </ClCompile>
    <ClCompile Include="..\..\..\Joanne%27s Data\LCProject\LCProject\349_IntersectionOfTwoArrays.cpp">
      <Filter>Source Files\LCProblems\Array</Filter>
    </ClCompile>
    <ClCompile Include="121_BestTimeToBuyAndSellStockI.cpp">
      <Filter>Source Files\LCProblems\Array</Filter>
    </ClCompile>
    <ClCompile Include="..\..\..\Joanne%27s Data\LCProject\LCProject\122_BestTimeToBuyAndSellStockII.cpp">
      <Filter>Source Files\LCProblems\Array</Filter>
    </ClCompile>
    <ClCompile Include="..\..\..\Joanne%27s Data\LCProject\LCProject\123_BestTimeToBuyAndSellStockIII.cpp">
      <Filter>Source Files\LCProblems\Array</Filter>
    </ClCompile>
    <ClCompile Include="..\..\..\Joanne%27s Data\LCProject\LCProject\188_BestTimeToBuyAndSellStockIV.cpp">
      <Filter>Source Files\LCProblems\DP</Filter>
    </ClCompile>
    <ClCompile Include="..\..\..\Joanne%27s Data\LCProject\LCProject\309_BestTimeToBuyAndSellStockWithCoolDown.cpp">
      <Filter>Source Files\LCProblems\Array</Filter>
    </ClCompile>
    <ClCompile Include="..\..\..\Joanne%27s Data\LCProject\LCProject\84_LargestRectangleInHistogram.cpp">
      <Filter>Source Files\LCProblems\Stack</Filter>
    </ClCompile>
    <ClCompile Include="..\..\..\Joanne%27s Data\LCProject\LCProject\85_MaximalRectangle.cpp">
      <Filter>Source Files\LCProblems\Stack</Filter>
    </ClCompile>
    <ClCompile Include="..\..\..\Joanne%27s Data\LCProject\LCProject\221_MaximumSquare.cpp">
      <Filter>Source Files\LCProblems\DP</Filter>
    </ClCompile>
    <ClCompile Include="..\..\..\Joanne%27s Data\LCProject\LCProject\105_ConstructBinaryTreeFromPreorderAndInorderTraversal.cpp">
      <Filter>Source Files\LCProblems\Tree</Filter>
    </ClCompile>
    <ClCompile Include="..\..\..\Joanne%27s Data\LCProject\LCProject\106_ConstsructBinaryTreeFromInorderAndPostorderTraversal.cpp">
      <Filter>Source Files\LCProblems\Tree</Filter>
    </ClCompile>
    <ClCompile Include="..\..\..\Joanne%27s Data\LCProject\LCProject\30_SubstringWithConcatenationOfAllWords.cpp">
      <Filter>Source Files\LCProblems\HashTable</Filter>
    </ClCompile>
    <ClCompile Include="..\..\..\Joanne%27s Data\LCProject\LCProject\328_OddEvenLinkedList.cpp">
      <Filter>Source Files\LCProblems\LinkedList</Filter>
    </ClCompile>
    <ClCompile Include="..\..\..\Joanne%27s Data\LCProject\LCProject\237_DeleteNodeInLinkedList.cpp">
      <Filter>Source Files\LCProblems\LinkedList</Filter>
    </ClCompile>
    <ClCompile Include="..\..\..\Joanne%27s Data\LCProject\LCProject\234_PalindromeLinkedList.cpp">
      <Filter>Source Files\LCProblems\LinkedList</Filter>
    </ClCompile>
    <ClCompile Include="..\..\..\Joanne%27s Data\LCProject\LCProject\143_ReorderList.cpp">
      <Filter>Source Files\LCProblems\LinkedList</Filter>
    </ClCompile>
    <ClCompile Include="..\..\..\Joanne%27s Data\LCProject\LCProject\36_ValidSoduku.cpp">
      <Filter>Source Files\LCProblems\BitManipulation</Filter>
    </ClCompile>
    <ClCompile Include="..\..\..\Joanne%27s Data\LCProject\LCProject\37_SudokuSolver.cpp">
      <Filter>Source Files\LCProblems\DFS</Filter>
    </ClCompile>
    <ClCompile Include="..\..\..\Joanne%27s Data\LCProject\LCProject\76_MinimumWindowSubstring.cpp">
      <Filter>Source Files\LCProblems\HashTable</Filter>
    </ClCompile>
    <ClCompile Include="..\..\..\Joanne%27s Data\LCProject\LCProject\32_LongestValidParentheses.cpp">
      <Filter>Source Files\LCProblems\DP</Filter>
    </ClCompile>
    <ClCompile Include="..\..\..\Joanne%27s Data\LCProject\LCProject\214_ShortestPalindrome.cpp">
      <Filter>Source Files\LCProblems\String</Filter>
    </ClCompile>
    <ClCompile Include="..\..\..\Joanne%27s Data\LCProject\LCProject\5_LongestPanlindromeSubstring.cpp">
      <Filter>Source Files\LCProblems\String</Filter>
    </ClCompile>
    <ClCompile Include="..\..\..\Joanne%27s Data\LCProject\LCProject\6_ZigZagConversion.cpp">
      <Filter>Source Files\LCProblems\String</Filter>
    </ClCompile>
    <ClCompile Include="..\..\..\Joanne%27s Data\LCProject\LCProject\8_StringToInteger.cpp">
      <Filter>Source Files\LCProblems\String</Filter>
    </ClCompile>
    <ClCompile Include="..\..\..\Joanne%27s Data\LCProject\LCProject\12_IntegerToRoman.cpp">
      <Filter>Source Files\LCProblems\String</Filter>
    </ClCompile>
    <ClCompile Include="..\..\..\Joanne%27s Data\LCProject\LCProject\13_RomanToInteger.cpp">
      <Filter>Source Files\LCProblems\String</Filter>
    </ClCompile>
    <ClCompile Include="..\..\..\Joanne%27s Data\LCProject\LCProject\14_LongestCommonPrefix.cpp">
      <Filter>Source Files\LCProblems\String</Filter>
    </ClCompile>
    <ClCompile Include="..\..\..\Joanne%27s Data\LCProject\LCProject\17_LetterCombinationsOfPhoneNumber.cpp">
      <Filter>Source Files\LCProblems\DFS</Filter>
    </ClCompile>
    <ClCompile Include="..\..\..\Joanne%27s Data\LCProject\LCProject\20_ValidParentheses.cpp">
      <Filter>Source Files\LCProblems\Stack</Filter>
    </ClCompile>
    <ClCompile Include="..\..\..\Joanne%27s Data\LCProject\LCProject\22_GenerateParentheses.cpp">
      <Filter>Source Files\LCProblems\DFS</Filter>
    </ClCompile>
    <ClCompile Include="..\..\..\Joanne%27s Data\LCProject\LCProject\28_ImplementStrStr.cpp">
      <Filter>Source Files\LCProblems\String</Filter>
    </ClCompile>
    <ClCompile Include="..\..\..\Joanne%27s Data\LCProject\LCProject\138_CopyLinkedListWithRandomPointer.cpp">
      <Filter>Source Files\LCProblems\LinkedList</Filter>
    </ClCompile>
    <ClCompile Include="..\..\..\Joanne%27s Data\LCProject\LCProject\92_ReverseLinkedListII.cpp">
      <Filter>Source Files\LCProblems\LinkedList</Filter>
    </ClCompile>
    <ClCompile Include="..\..\..\Joanne%27s Data\LCProject\LCProject\86_PartitionList.cpp">
      <Filter>Source Files\LCProblems\LinkedList</Filter>
    </ClCompile>
    <ClCompile Include="..\..\..\Joanne%27s Data\LCProject\LCProject\61_RotateList.cpp">
      <Filter>Source Files\LCProblems\LinkedList</Filter>
    </ClCompile>
    <ClCompile Include="..\..\..\Joanne%27s Data\LCProject\LCProject\24_SwapNodesInPairs.cpp">
      <Filter>Source Files\LCProblems\LinkedList</Filter>
    </ClCompile>
    <ClCompile Include="..\..\..\Joanne%27s Data\LCProject\LCProject\19_RemoveNthNodeFromEndOfList.cpp">
      <Filter>Source Files\LCProblems\LinkedList</Filter>
    </ClCompile>
    <ClCompile Include="..\..\..\Joanne%27s Data\LCProject\LCProject\25_ReverseNodesInKGroup.cpp">
      <Filter>Source Files\LCProblems\LinkedList</Filter>
    </ClCompile>
  </ItemGroup>
  <ItemGroup>
    <ClInclude Include="..\..\..\Joanne%27s Data\LCProject\LCProject\ListNode.h">
      <Filter>Source Files\DataStructures</Filter>
    </ClInclude>
    <ClInclude Include="BST.h">
      <Filter>Source Files\DataStructures</Filter>
    </ClInclude>
    <ClInclude Include="..\..\..\Joanne%27s Data\LCProject\LCProject\MinHeap.h">
      <Filter>Source Files\DataStructures</Filter>
    </ClInclude>
    <ClInclude Include="..\..\..\Joanne%27s Data\LCProject\LCProject\Interval.h">
      <Filter>Source Files\DataStructures</Filter>
    </ClInclude>
  </ItemGroup>
</Project>