<?xml version="1.0" encoding="utf-8"?>
<Project ToolsVersion="4.0" xmlns="http://schemas.microsoft.com/developer/msbuild/2003">
  <ItemGroup>
    <Filter Include="Source Files">
      <UniqueIdentifier>{4FC737F1-C7A5-4376-A066-2A32D752A2FF}</UniqueIdentifier>
      <Extensions>cpp;c;cc;cxx;def;odl;idl;hpj;bat;asm;asmx</Extensions>
    </Filter>
    <Filter Include="Header Files">
      <UniqueIdentifier>{93995380-89BD-4b04-88EB-625FBE52EBFB}</UniqueIdentifier>
      <Extensions>h;hh;hpp;hxx;hm;inl;inc;xsd</Extensions>
    </Filter>
    <Filter Include="Resource Files">
      <UniqueIdentifier>{67DA6AB6-F800-4c08-8B7A-83BB121AAD01}</UniqueIdentifier>
      <Extensions>rc;ico;cur;bmp;dlg;rc2;rct;bin;rgs;gif;jpg;jpeg;jpe;resx;tiff;tif;png;wav;mfcribbon-ms</Extensions>
    </Filter>
    <Filter Include="Source Files\LCProblems">
      <UniqueIdentifier>{c271be3c-fd35-4b58-a4a4-1c6dca3b95ce}</UniqueIdentifier>
    </Filter>
    <Filter Include="Source Files\Basics">
      <UniqueIdentifier>{9eb51fce-63f2-45bf-80b2-0905ac70172e}</UniqueIdentifier>
    </Filter>
    <Filter Include="Source Files\LCProblems\Sort">
      <UniqueIdentifier>{dec7e612-3915-46b6-baf6-10e388b55c83}</UniqueIdentifier>
    </Filter>
    <Filter Include="Source Files\DataStructures">
      <UniqueIdentifier>{91bdd5d2-3dda-4659-9f15-900eb750946e}</UniqueIdentifier>
    </Filter>
    <Filter Include="Source Files\LCProblems\Trie">
      <UniqueIdentifier>{4e4b2dd2-d4a8-4223-91a8-71c14f7f12c8}</UniqueIdentifier>
    </Filter>
    <Filter Include="Source Files\LCProblems\BST">
      <UniqueIdentifier>{69293816-7926-496e-a098-4713bd3a827a}</UniqueIdentifier>
    </Filter>
  </ItemGroup>
  <ItemGroup>
    <ClCompile Include="AddAndSearchWord.cpp">
      <Filter>Source Files\LCProblems</Filter>
    </ClCompile>
    <ClCompile Include="..\..\..\Joanne%27s Data\LCProject\LCProject\BitwiseAND.cpp">
      <Filter>Source Files\LCProblems</Filter>
    </ClCompile>
    <ClCompile Include="..\..\..\Joanne%27s Data\LCProject\LCProject\BSTRightView.cpp">
      <Filter>Source Files\LCProblems</Filter>
    </ClCompile>
    <ClCompile Include="..\..\..\Joanne%27s Data\LCProject\LCProject\BuySellStock.cpp">
      <Filter>Source Files\LCProblems</Filter>
    </ClCompile>
    <ClCompile Include="..\..\..\Joanne%27s Data\LCProject\LCProject\CountPrimes.cpp">
      <Filter>Source Files\LCProblems</Filter>
    </ClCompile>
    <ClCompile Include="..\..\..\Joanne%27s Data\LCProject\LCProject\CourseSchedule.cpp">
      <Filter>Source Files\LCProblems</Filter>
    </ClCompile>
    <ClCompile Include="..\..\..\Joanne%27s Data\LCProject\LCProject\DungeonGame.cpp">
      <Filter>Source Files\LCProblems</Filter>
    </ClCompile>
    <ClCompile Include="ExcelCol.cpp">
      <Filter>Source Files\LCProblems</Filter>
    </ClCompile>
    <ClCompile Include="FracToDec.cpp">
      <Filter>Source Files\LCProblems</Filter>
    </ClCompile>
    <ClCompile Include="..\..\..\Joanne%27s Data\LCProject\LCProject\HammingWeight.cpp">
      <Filter>Source Files\LCProblems</Filter>
    </ClCompile>
    <ClCompile Include="..\..\..\Joanne%27s Data\LCProject\LCProject\HappyNumber.cpp">
      <Filter>Source Files\LCProblems</Filter>
    </ClCompile>
    <ClCompile Include="..\..\..\Joanne%27s Data\LCProject\LCProject\HouseRob.cpp">
      <Filter>Source Files\LCProblems</Filter>
    </ClCompile>
    <ClCompile Include="..\..\..\Joanne%27s Data\LCProject\LCProject\Islands.cpp">
      <Filter>Source Files\LCProblems</Filter>
    </ClCompile>
    <ClCompile Include="..\..\..\Joanne%27s Data\LCProject\LCProject\IsomorphicString.cpp">
      <Filter>Source Files\LCProblems</Filter>
    </ClCompile>
    <ClCompile Include="..\..\..\Joanne%27s Data\LCProject\LCProject\LargestNum.cpp">
      <Filter>Source Files\LCProblems</Filter>
    </ClCompile>
    <ClCompile Include="LListRemove.cpp">
      <Filter>Source Files\LCProblems</Filter>
    </ClCompile>
    <ClCompile Include="..\..\..\Joanne%27s Data\LCProject\LCProject\LListReverse.cpp">
      <Filter>Source Files\LCProblems</Filter>
    </ClCompile>
    <ClCompile Include="MajorityElement.cpp">
      <Filter>Source Files\LCProblems</Filter>
    </ClCompile>
    <ClCompile Include="..\..\..\Joanne%27s Data\LCProject\LCProject\MinSizeSubarraySum.cpp">
      <Filter>Source Files\LCProblems</Filter>
    </ClCompile>
    <ClCompile Include="MinStack.cpp">
      <Filter>Source Files\LCProblems</Filter>
    </ClCompile>
    <ClCompile Include="..\..\..\Joanne%27s Data\LCProject\LCProject\RepeatedDNA.cpp">
      <Filter>Source Files\LCProblems</Filter>
    </ClCompile>
    <ClCompile Include="..\..\..\Joanne%27s Data\LCProject\LCProject\ReverseBit.cpp">
      <Filter>Source Files\LCProblems</Filter>
    </ClCompile>
    <ClCompile Include="..\..\..\Joanne%27s Data\LCProject\LCProject\RotateArray.cpp">
      <Filter>Source Files\LCProblems</Filter>
    </ClCompile>
    <ClCompile Include="VersionComp.cpp">
      <Filter>Source Files\LCProblems</Filter>
    </ClCompile>
    <ClCompile Include="..\..\..\Joanne%27s Data\LCProject\LCProject\1_SelectionSort.cpp">
      <Filter>Source Files\Basics</Filter>
    </ClCompile>
    <ClCompile Include="1_QuickSort.cpp">
      <Filter>Source Files\Basics</Filter>
    </ClCompile>
    <ClCompile Include="..\..\..\Joanne%27s Data\LCProject\LCProject\1_MergeSort.cpp">
      <Filter>Source Files\Basics</Filter>
    </ClCompile>
    <ClCompile Include="..\..\..\Joanne%27s Data\LCProject\LCProject\1_RainbowSort.cpp">
      <Filter>Source Files\Basics</Filter>
    </ClCompile>
    <ClCompile Include="..\..\..\Joanne%27s Data\LCProject\LCProject\1_Move0sToTheEnd1.cpp">
      <Filter>Source Files\Basics</Filter>
    </ClCompile>
    <ClCompile Include="..\..\..\Joanne%27s Data\LCProject\LCProject\2_BinarySearch.cpp">
      <Filter>Source Files\Basics</Filter>
    </ClCompile>
    <ClCompile Include="..\..\..\Joanne%27s Data\LCProject\LCProject\2_SearchSizeUnknownArray.cpp">
      <Filter>Source Files\Basics</Filter>
    </ClCompile>
    <ClCompile Include="..\..\..\Joanne%27s Data\LCProject\LCProject\2_Fibonacci.cpp">
      <Filter>Source Files\Basics</Filter>
    </ClCompile>
    <ClCompile Include="..\..\..\Joanne%27s Data\LCProject\LCProject\2_PowerBofA.cpp">
      <Filter>Source Files\Basics</Filter>
    </ClCompile>
    <ClCompile Include="2_SearchSortedMatrix.cpp">
      <Filter>Source Files\Basics</Filter>
    </ClCompile>
    <ClCompile Include="4_MedianOf2SortedArray.cpp">
      <Filter>Source Files\LCProblems\Sort</Filter>
    </ClCompile>
    <ClCompile Include="..\..\..\Joanne%27s Data\LCProject\LCProject\21_Merge2SortedLists.cpp">
      <Filter>Source Files\LCProblems\Sort</Filter>
    </ClCompile>
    <ClCompile Include="..\..\..\Joanne%27s Data\LCProject\LCProject\23_MergeKSortedLists.cpp">
      <Filter>Source Files\LCProblems\Sort</Filter>
    </ClCompile>
    <ClCompile Include="..\..\..\Joanne%27s Data\LCProject\LCProject\26_RemoveDuplicatesFromSortedArray.cpp">
      <Filter>Source Files\LCProblems\Sort</Filter>
    </ClCompile>
    <ClCompile Include="..\..\..\Joanne%27s Data\LCProject\LCProject\33_SearchInRotatedSortedArray.cpp">
      <Filter>Source Files\LCProblems\Sort</Filter>
    </ClCompile>
    <ClCompile Include="..\..\..\Joanne%27s Data\LCProject\LCProject\77_SortColors.cpp">
      <Filter>Source Files\LCProblems\Sort</Filter>
    </ClCompile>
    <ClCompile Include="..\..\..\Joanne%27s Data\LCProject\LCProject\80_RemoveDuplicatesFromSortedArrayII.cpp">
      <Filter>Source Files\LCProblems\Sort</Filter>
    </ClCompile>
    <ClCompile Include="..\..\..\Joanne%27s Data\LCProject\LCProject\81_SearchInRotatedSortedArrayII.cpp">
      <Filter>Source Files\LCProblems\Sort</Filter>
    </ClCompile>
    <ClCompile Include="..\..\..\Joanne%27s Data\LCProject\LCProject\82_RemoveDuplicatesFromSortedListII.cpp">
      <Filter>Source Files\LCProblems\Sort</Filter>
    </ClCompile>
    <ClCompile Include="..\..\..\Joanne%27s Data\LCProject\LCProject\83_RemoveDuplicatesFromSortedList.cpp">
      <Filter>Source Files\LCProblems\Sort</Filter>
    </ClCompile>
    <ClCompile Include="..\..\..\Joanne%27s Data\LCProject\LCProject\88_MergeSortedArray.cpp">
      <Filter>Source Files\LCProblems\Sort</Filter>
    </ClCompile>
    <ClCompile Include="..\..\..\Joanne%27s Data\LCProject\LCProject\ListNode.cpp">
      <Filter>Source Files\DataStructures</Filter>
    </ClCompile>
    <ClCompile Include="..\..\..\Joanne%27s Data\LCProject\LCProject\147_InsertionSortList.cpp">
      <Filter>Source Files\LCProblems\Sort</Filter>
    </ClCompile>
    <ClCompile Include="..\..\..\Joanne%27s Data\LCProject\LCProject\148_SortList.cpp">
      <Filter>Source Files\LCProblems\Sort</Filter>
    </ClCompile>
    <ClCompile Include="153_FindMinInRotatedSortedArray.cpp">
      <Filter>Source Files\LCProblems\Sort</Filter>
    </ClCompile>
    <ClCompile Include="..\..\..\Joanne%27s Data\LCProject\LCProject\154_FindMinInRotatedSortedArrayII.cpp">
      <Filter>Source Files\LCProblems\Sort</Filter>
    </ClCompile>
    <ClCompile Include="..\..\..\Joanne%27s Data\LCProject\LCProject\378_KthSmallestElementInSortedMatrix.cpp">
      <Filter>Source Files\LCProblems\Sort</Filter>
    </ClCompile>
    <ClCompile Include="208_ImplementTrie.cpp">
      <Filter>Source Files\LCProblems\Trie</Filter>
    </ClCompile>
    <ClCompile Include="..\..\..\Joanne%27s Data\LCProject\LCProject\108_ConvertSortedArrayToBinarySearchTree.cpp">
      <Filter>Source Files\LCProblems\BST</Filter>
    </ClCompile>
    <ClCompile Include="..\..\..\Joanne%27s Data\LCProject\LCProject\109_ConvertSortedListToBinarySearchTree.cpp">
      <Filter>Source Files\LCProblems\BST</Filter>
    </ClCompile>
    <ClCompile Include="..\..\..\..\Downloads\BST.cpp">
      <Filter>Source Files\DataStructures</Filter>
    </ClCompile>
  </ItemGroup>
  <ItemGroup>
    <ClInclude Include="..\..\..\Joanne%27s Data\LCProject\LCProject\ListNode.h">
      <Filter>Source Files\DataStructures</Filter>
    </ClInclude>
    <ClInclude Include="BST.h">
      <Filter>Source Files\DataStructures</Filter>
    </ClInclude>
    <ClInclude Include="..\..\..\Joanne%27s Data\LCProject\LCProject\MinHeap.h">
      <Filter>Source Files\DataStructures</Filter>
    </ClInclude>
  </ItemGroup>
</Project>