<?xml version="1.0" encoding="utf-8"?>
<Project ToolsVersion="4.0" xmlns="http://schemas.microsoft.com/developer/msbuild/2003">
  <ItemGroup>
    <Filter Include="Source Files">
      <UniqueIdentifier>{4FC737F1-C7A5-4376-A066-2A32D752A2FF}</UniqueIdentifier>
      <Extensions>cpp;c;cc;cxx;def;odl;idl;hpj;bat;asm;asmx</Extensions>
    </Filter>
    <Filter Include="Source Files\LCProblems">
      <UniqueIdentifier>{c271be3c-fd35-4b58-a4a4-1c6dca3b95ce}</UniqueIdentifier>
    </Filter>
    <Filter Include="Source Files\Basics">
      <UniqueIdentifier>{9eb51fce-63f2-45bf-80b2-0905ac70172e}</UniqueIdentifier>
    </Filter>
    <Filter Include="Source Files\LCProblems\Sort">
      <UniqueIdentifier>{dec7e612-3915-46b6-baf6-10e388b55c83}</UniqueIdentifier>
    </Filter>
    <Filter Include="Source Files\DataStructures">
      <UniqueIdentifier>{91bdd5d2-3dda-4659-9f15-900eb750946e}</UniqueIdentifier>
    </Filter>
    <Filter Include="Source Files\LCProblems\Trie">
      <UniqueIdentifier>{4e4b2dd2-d4a8-4223-91a8-71c14f7f12c8}</UniqueIdentifier>
    </Filter>
    <Filter Include="Source Files\LCProblems\Array">
      <UniqueIdentifier>{a924336d-23a9-4e58-b7e0-8ace02daa50f}</UniqueIdentifier>
    </Filter>
    <Filter Include="Source Files\LCProblems\BinarySearch">
      <UniqueIdentifier>{f81ba3ce-72ad-4979-b102-a5e643b0179a}</UniqueIdentifier>
    </Filter>
    <Filter Include="Source Files\LCProblems\Heap">
      <UniqueIdentifier>{976a33a2-ff36-4fad-a3ae-8779b9a40a9f}</UniqueIdentifier>
    </Filter>
    <Filter Include="Source Files\LCProblems\Matrix">
      <UniqueIdentifier>{4e584306-8e47-46d0-b7f8-48976a824b4d}</UniqueIdentifier>
    </Filter>
    <Filter Include="Source Files\LCProblems\Stack">
      <UniqueIdentifier>{85d2e07e-d4f0-4dcc-b1fc-ae20bdde21b0}</UniqueIdentifier>
    </Filter>
    <Filter Include="Source Files\LCProblems\DP">
      <UniqueIdentifier>{2296fc2b-5d09-4848-ba00-cb10bcb115f2}</UniqueIdentifier>
    </Filter>
    <Filter Include="Source Files\LCProblems\BFS">
      <UniqueIdentifier>{8df63163-452d-4b26-a4d0-8ab9e42c09d9}</UniqueIdentifier>
    </Filter>
    <Filter Include="Source Files\LCProblems\DFS">
      <UniqueIdentifier>{a56b515d-0d06-443f-a5a4-fe85ed4ba709}</UniqueIdentifier>
    </Filter>
    <Filter Include="Source Files\LCProblems\BitManipulation">
      <UniqueIdentifier>{d4ab8e47-138e-4d33-80cf-11a1ab0d8336}</UniqueIdentifier>
    </Filter>
    <Filter Include="Source Files\LCProblems\LinkedList">
      <UniqueIdentifier>{58541adc-8ac0-4dcb-a492-5b9fff804885}</UniqueIdentifier>
    </Filter>
    <Filter Include="Source Files\LCProblems\HashTable">
      <UniqueIdentifier>{049dea1c-e404-4b67-a530-cc7238ec31a0}</UniqueIdentifier>
    </Filter>
    <Filter Include="Source Files\LCProblems\Tree">
      <UniqueIdentifier>{69293816-7926-496e-a098-4713bd3a827a}</UniqueIdentifier>
    </Filter>
    <Filter Include="Source Files\LCProblems\String">
      <UniqueIdentifier>{20f2b7ba-0153-4687-b43e-fb0a45331b5e}</UniqueIdentifier>
    </Filter>
    <Filter Include="Source Files\LCProblems\Math">
      <UniqueIdentifier>{50d20640-38ef-451a-bfda-37892a6554ba}</UniqueIdentifier>
    </Filter>
    <Filter Include="Source Files\LCProblems\Design">
      <UniqueIdentifier>{a8b0aeed-baaf-4187-b6fc-3c10a16fbfca}</UniqueIdentifier>
    </Filter>
    <Filter Include="Source Files\LCProblems\Graph">
      <UniqueIdentifier>{21bd992a-dc46-474d-8d2a-8fbb10e9444d}</UniqueIdentifier>
    </Filter>
    <Filter Include="Source Files\Challenge">
      <UniqueIdentifier>{23695c30-a2d3-4ebe-add6-281ae798eed0}</UniqueIdentifier>
    </Filter>
    <Filter Include="Source Files\LCProblems\BucketSort">
      <UniqueIdentifier>{bdab3bfe-6386-4ddb-8a55-71163aef4770}</UniqueIdentifier>
    </Filter>
    <Filter Include="Source Files\Challenge\空气床">
      <UniqueIdentifier>{3854cfe9-eca1-4963-bceb-7681711fbb19}</UniqueIdentifier>
    </Filter>
    <Filter Include="Source Files\LCProblems\Greedy">
      <UniqueIdentifier>{c811a0bf-50cc-4d9f-9b5c-c3b80aeb5891}</UniqueIdentifier>
    </Filter>
    <Filter Include="Source Files\LCProblems\Scanning">
      <UniqueIdentifier>{a44db2c8-d6eb-4665-9295-b0b89ea35293}</UniqueIdentifier>
    </Filter>
    <Filter Include="Source Files\Basics\Class05">
      <UniqueIdentifier>{d303a2bf-2936-4a91-8de5-dc01aa5cbc2f}</UniqueIdentifier>
    </Filter>
    <Filter Include="Source Files\Basics\Class01_Array&amp;Sort">
      <UniqueIdentifier>{e3598947-dac2-4534-b95d-5cf91bbd8d9e}</UniqueIdentifier>
    </Filter>
    <Filter Include="Source Files\Basics\Class02_Recursion&amp;BinarySearch">
      <UniqueIdentifier>{c5abbcec-bf56-4fd6-b8e6-42925860000c}</UniqueIdentifier>
    </Filter>
    <Filter Include="Source Files\Basics\Class07_HashTable &amp; String I">
      <UniqueIdentifier>{a751c8d5-6a5d-4db6-918f-5c92756cb892}</UniqueIdentifier>
    </Filter>
    <Filter Include="Source Files\Basics\Class08_StringII">
      <UniqueIdentifier>{ceb9ea9e-f340-40f5-9cac-7defe172a945}</UniqueIdentifier>
    </Filter>
    <Filter Include="Source Files\Basics\Class06_DFS">
      <UniqueIdentifier>{63bf303f-840b-4101-9603-8ac397551cb6}</UniqueIdentifier>
    </Filter>
  </ItemGroup>
  <ItemGroup>
    <ClCompile Include="4_MedianOf2SortedArray.cpp">
      <Filter>Source Files\LCProblems\Sort</Filter>
    </ClCompile>
    <ClCompile Include="..\..\..\Joanne%27s Data\LCProject\LCProject\21_Merge2SortedLists.cpp">
      <Filter>Source Files\LCProblems\Sort</Filter>
    </ClCompile>
    <ClCompile Include="..\..\..\Joanne%27s Data\LCProject\LCProject\26_RemoveDuplicatesFromSortedArray.cpp">
      <Filter>Source Files\LCProblems\Sort</Filter>
    </ClCompile>
    <ClCompile Include="..\..\..\Joanne%27s Data\LCProject\LCProject\33_SearchInRotatedSortedArray.cpp">
      <Filter>Source Files\LCProblems\Sort</Filter>
    </ClCompile>
    <ClCompile Include="..\..\..\Joanne%27s Data\LCProject\LCProject\80_RemoveDuplicatesFromSortedArrayII.cpp">
      <Filter>Source Files\LCProblems\Sort</Filter>
    </ClCompile>
    <ClCompile Include="..\..\..\Joanne%27s Data\LCProject\LCProject\81_SearchInRotatedSortedArrayII.cpp">
      <Filter>Source Files\LCProblems\Sort</Filter>
    </ClCompile>
    <ClCompile Include="..\..\..\Joanne%27s Data\LCProject\LCProject\82_RemoveDuplicatesFromSortedListII.cpp">
      <Filter>Source Files\LCProblems\Sort</Filter>
    </ClCompile>
    <ClCompile Include="..\..\..\Joanne%27s Data\LCProject\LCProject\83_RemoveDuplicatesFromSortedList.cpp">
      <Filter>Source Files\LCProblems\Sort</Filter>
    </ClCompile>
    <ClCompile Include="..\..\..\Joanne%27s Data\LCProject\LCProject\88_MergeSortedArray.cpp">
      <Filter>Source Files\LCProblems\Sort</Filter>
    </ClCompile>
    <ClCompile Include="..\..\..\Joanne%27s Data\LCProject\LCProject\ListNode.cpp">
      <Filter>Source Files\DataStructures</Filter>
    </ClCompile>
    <ClCompile Include="..\..\..\Joanne%27s Data\LCProject\LCProject\147_InsertionSortList.cpp">
      <Filter>Source Files\LCProblems\Sort</Filter>
    </ClCompile>
    <ClCompile Include="..\..\..\Joanne%27s Data\LCProject\LCProject\148_SortList.cpp">
      <Filter>Source Files\LCProblems\Sort</Filter>
    </ClCompile>
    <ClCompile Include="153_FindMinInRotatedSortedArray.cpp">
      <Filter>Source Files\LCProblems\Sort</Filter>
    </ClCompile>
    <ClCompile Include="..\..\..\Joanne%27s Data\LCProject\LCProject\154_FindMinInRotatedSortedArrayII.cpp">
      <Filter>Source Files\LCProblems\Sort</Filter>
    </ClCompile>
    <ClCompile Include="208_ImplementTrie.cpp">
      <Filter>Source Files\LCProblems\Trie</Filter>
    </ClCompile>
    <ClCompile Include="..\..\..\Joanne%27s Data\LCProject\LCProject\108_ConvertSortedArrayToBinarySearchTree.cpp">
      <Filter>Source Files\LCProblems\Tree</Filter>
    </ClCompile>
    <ClCompile Include="..\..\..\Joanne%27s Data\LCProject\LCProject\109_ConvertSortedListToBinarySearchTree.cpp">
      <Filter>Source Files\LCProblems\Tree</Filter>
    </ClCompile>
    <ClCompile Include="..\..\..\Joanne%27s Data\LCProject\LCProject\11_ContainerWithMostWater.cpp">
      <Filter>Source Files\LCProblems\Array</Filter>
    </ClCompile>
    <ClCompile Include="..\..\..\Joanne%27s Data\LCProject\LCProject\15_3Sum.cpp">
      <Filter>Source Files\LCProblems\Array</Filter>
    </ClCompile>
    <ClCompile Include="1_2Sum.cpp">
      <Filter>Source Files\LCProblems\Array</Filter>
    </ClCompile>
    <ClCompile Include="..\..\..\Joanne%27s Data\LCProject\LCProject\16_3SumClosest.cpp">
      <Filter>Source Files\LCProblems\Array</Filter>
    </ClCompile>
    <ClCompile Include="..\..\..\Joanne%27s Data\LCProject\LCProject\18_4Sum.cpp">
      <Filter>Source Files\LCProblems\Array</Filter>
    </ClCompile>
    <ClCompile Include="27_RemoveElement.cpp">
      <Filter>Source Files\LCProblems\Array</Filter>
    </ClCompile>
    <ClCompile Include="..\..\..\Joanne%27s Data\LCProject\LCProject\31_NextPermutation.cpp">
      <Filter>Source Files\LCProblems\Array</Filter>
    </ClCompile>
    <ClCompile Include="..\..\..\Joanne%27s Data\LCProject\LCProject\34_SearchForRange.cpp">
      <Filter>Source Files\LCProblems\BinarySearch</Filter>
    </ClCompile>
    <ClCompile Include="..\..\..\Joanne%27s Data\LCProject\LCProject\35_SearchInsertPosition.cpp">
      <Filter>Source Files\LCProblems\Array</Filter>
    </ClCompile>
    <ClCompile Include="..\..\..\Joanne%27s Data\LCProject\LCProject\41_FirstMissingPositive.cpp">
      <Filter>Source Files\LCProblems\Array</Filter>
    </ClCompile>
    <ClCompile Include="..\..\..\Joanne%27s Data\LCProject\LCProject\42_TrappingRainWater.cpp">
      <Filter>Source Files\LCProblems\Array</Filter>
    </ClCompile>
    <ClCompile Include="..\..\..\Joanne%27s Data\LCProject\LCProject\55_JumpGame.cpp">
      <Filter>Source Files\LCProblems\Array</Filter>
    </ClCompile>
    <ClCompile Include="..\..\..\Joanne%27s Data\LCProject\LCProject\56_MergeIntervals.cpp">
      <Filter>Source Files\LCProblems\Array</Filter>
    </ClCompile>
    <ClCompile Include="..\..\..\Joanne%27s Data\LCProject\LCProject\167_2SumSorted.cpp">
      <Filter>Source Files\LCProblems\Array</Filter>
    </ClCompile>
    <ClCompile Include="..\..\..\Joanne%27s Data\LCProject\LCProject\187_RepeatedDNA.cpp">
      <Filter>Source Files\LCProblems\HashTable</Filter>
    </ClCompile>
    <ClCompile Include="..\..\..\Joanne%27s Data\LCProject\LCProject\378_KthSmallestElementInSortedMatrix.cpp">
      <Filter>Source Files\LCProblems\Heap</Filter>
    </ClCompile>
    <ClCompile Include="..\..\..\Joanne%27s Data\LCProject\LCProject\23_MergeKSortedLists.cpp">
      <Filter>Source Files\LCProblems\Heap</Filter>
    </ClCompile>
    <ClCompile Include="..\..\..\Joanne%27s Data\LCProject\LCProject\128_LongestConsecutiveSequence.cpp">
      <Filter>Source Files\LCProblems\Array</Filter>
    </ClCompile>
    <ClCompile Include="..\..\..\Joanne%27s Data\LCProject\LCProject\48_RotateImage.cpp">
      <Filter>Source Files\LCProblems\Matrix</Filter>
    </ClCompile>
    <ClCompile Include="..\..\..\Joanne%27s Data\LCProject\LCProject\54_SpiralMatrix.cpp">
      <Filter>Source Files\LCProblems\Matrix</Filter>
    </ClCompile>
    <ClCompile Include="..\..\..\Joanne%27s Data\LCProject\LCProject\59_SpiralMatrixII.cpp">
      <Filter>Source Files\LCProblems\Matrix</Filter>
    </ClCompile>
    <ClCompile Include="155_MinStack.cpp">
      <Filter>Source Files\LCProblems\Stack</Filter>
    </ClCompile>
    <ClCompile Include="..\..\..\Joanne%27s Data\LCProject\LCProject\45_JumpGameII.cpp">
      <Filter>Source Files\LCProblems\BFS</Filter>
    </ClCompile>
    <ClCompile Include="..\..\..\Joanne%27s Data\LCProject\LCProject\39_CombinationSum.cpp">
      <Filter>Source Files\LCProblems\DFS</Filter>
    </ClCompile>
    <ClCompile Include="..\..\..\Joanne%27s Data\LCProject\LCProject\40_CombinationSumII.cpp">
      <Filter>Source Files\LCProblems\DFS</Filter>
    </ClCompile>
    <ClCompile Include="..\..\..\Joanne%27s Data\LCProject\LCProject\216_CombinationSumIII.cpp">
      <Filter>Source Files\LCProblems\DFS</Filter>
    </ClCompile>
    <ClCompile Include="..\..\..\Joanne%27s Data\LCProject\LCProject\377_CombinationSumIV.cpp">
      <Filter>Source Files\LCProblems\DP</Filter>
    </ClCompile>
    <ClCompile Include="201_BitwiseAND.cpp">
      <Filter>Source Files\LCProblems\BitManipulation</Filter>
    </ClCompile>
    <ClCompile Include="199_BSTRightView.cpp">
      <Filter>Source Files\LCProblems\Tree</Filter>
    </ClCompile>
    <ClCompile Include="203_RemoveLinkedListElement.cpp">
      <Filter>Source Files\LCProblems\LinkedList</Filter>
    </ClCompile>
    <ClCompile Include="206_ReverseLinkedList.cpp">
      <Filter>Source Files\LCProblems\LinkedList</Filter>
    </ClCompile>
    <ClCompile Include="..\..\..\Joanne%27s Data\LCProject\LCProject\53_MaximumSubarray.cpp">
      <Filter>Source Files\LCProblems\DP</Filter>
    </ClCompile>
    <ClCompile Include="57_InsertInterval.cpp">
      <Filter>Source Files\LCProblems\Array</Filter>
    </ClCompile>
    <ClCompile Include="..\..\..\Joanne%27s Data\LCProject\LCProject\62_UniquePath.cpp">
      <Filter>Source Files\LCProblems\DP</Filter>
    </ClCompile>
    <ClCompile Include="..\..\..\Joanne%27s Data\LCProject\LCProject\63_UniquePathII.cpp">
      <Filter>Source Files\LCProblems\DP</Filter>
    </ClCompile>
    <ClCompile Include="..\..\..\Joanne%27s Data\LCProject\LCProject\64_MinimumPathSum.cpp">
      <Filter>Source Files\LCProblems\DP</Filter>
    </ClCompile>
    <ClCompile Include="..\..\..\Joanne%27s Data\LCProject\LCProject\66_PlusOne.cpp">
      <Filter>Source Files\LCProblems\Array</Filter>
    </ClCompile>
    <ClCompile Include="..\..\..\Joanne%27s Data\LCProject\LCProject\73_SetMatrixZeros.cpp">
      <Filter>Source Files\LCProblems\Array</Filter>
    </ClCompile>
    <ClCompile Include="..\..\..\Joanne%27s Data\LCProject\LCProject\74_Search2DMatrix.cpp">
      <Filter>Source Files\LCProblems\Array</Filter>
    </ClCompile>
    <ClCompile Include="..\..\..\Joanne%27s Data\LCProject\LCProject\78_Subsets.cpp">
      <Filter>Source Files\LCProblems\Array</Filter>
    </ClCompile>
    <ClCompile Include="..\..\..\Joanne%27s Data\LCProject\LCProject\79_WordSearch.cpp">
      <Filter>Source Files\LCProblems\Array</Filter>
    </ClCompile>
    <ClCompile Include="90_SubsetsII.cpp">
      <Filter>Source Files\LCProblems\Array</Filter>
    </ClCompile>
    <ClCompile Include="..\..\..\Joanne%27s Data\LCProject\LCProject\485_MaxConsecutiveOnes.cpp">
      <Filter>Source Files\LCProblems\DP</Filter>
    </ClCompile>
    <ClCompile Include="..\..\..\Joanne%27s Data\LCProject\LCProject\448_FindAllNumbersDisappearedInArray.cpp">
      <Filter>Source Files\LCProblems\Array</Filter>
    </ClCompile>
    <ClCompile Include="..\..\..\Joanne%27s Data\LCProject\LCProject\442_FindAllDuplicatesInArray.cpp">
      <Filter>Source Files\LCProblems\Array</Filter>
    </ClCompile>
    <ClCompile Include="..\..\..\Joanne%27s Data\LCProject\LCProject\414_ThirdMaximumNumber.cpp">
      <Filter>Source Files\LCProblems\Array</Filter>
    </ClCompile>
    <ClCompile Include="..\..\..\Joanne%27s Data\LCProject\LCProject\380_InsertDeleteGetRamdom.cpp">
      <Filter>Source Files\LCProblems\HashTable</Filter>
    </ClCompile>
    <ClCompile Include="..\..\..\Joanne%27s Data\LCProject\LCProject\381_InsertDeleteGetRandomII.cpp">
      <Filter>Source Files\LCProblems\HashTable</Filter>
    </ClCompile>
    <ClCompile Include="..\..\..\Joanne%27s Data\LCProject\LCProject\289_GameOfLife.cpp">
      <Filter>Source Files\LCProblems\Array</Filter>
    </ClCompile>
    <ClCompile Include="..\..\..\Joanne%27s Data\LCProject\LCProject\287_FindTheDuplicateNumber.cpp">
      <Filter>Source Files\LCProblems\Array</Filter>
    </ClCompile>
    <ClCompile Include="..\..\..\Joanne%27s Data\LCProject\LCProject\283_MoveZeros.cpp">
      <Filter>Source Files\LCProblems\Array</Filter>
    </ClCompile>
    <ClCompile Include="..\..\..\Joanne%27s Data\LCProject\LCProject\268_MissingNumber.cpp">
      <Filter>Source Files\LCProblems\Array</Filter>
    </ClCompile>
    <ClCompile Include="..\..\..\Joanne%27s Data\LCProject\LCProject\238_ProductOfArrayExceptSelf.cpp">
      <Filter>Source Files\LCProblems\Array</Filter>
    </ClCompile>
    <ClCompile Include="..\..\..\Joanne%27s Data\LCProject\LCProject\119_PascalTriangleII.cpp">
      <Filter>Source Files\LCProblems\Array</Filter>
    </ClCompile>
    <ClCompile Include="118_PascalTriangle.cpp">
      <Filter>Source Files\LCProblems\Array</Filter>
    </ClCompile>
    <ClCompile Include="..\..\..\Joanne%27s Data\LCProject\LCProject\169_MajorityElement.cpp">
      <Filter>Source Files\LCProblems\Array</Filter>
    </ClCompile>
    <ClCompile Include="229_MajorityElementII.cpp">
      <Filter>Source Files\LCProblems\Array</Filter>
    </ClCompile>
    <ClCompile Include="..\..\..\Joanne%27s Data\LCProject\LCProject\217_ContainsDuplicate.cpp">
      <Filter>Source Files\LCProblems\Array</Filter>
    </ClCompile>
    <ClCompile Include="..\..\..\Joanne%27s Data\LCProject\LCProject\219_ContainsDeuplicateII.cpp">
      <Filter>Source Files\LCProblems\Array</Filter>
    </ClCompile>
    <ClCompile Include="..\..\..\Joanne%27s Data\LCProject\LCProject\228_SummaryRanges.cpp">
      <Filter>Source Files\LCProblems\Array</Filter>
    </ClCompile>
    <ClCompile Include="..\..\..\Joanne%27s Data\LCProject\LCProject\209_MinimumSizeSubarraySum.cpp">
      <Filter>Source Files\LCProblems\Array</Filter>
    </ClCompile>
    <ClCompile Include="..\..\..\Joanne%27s Data\LCProject\LCProject\189_RotateArray.cpp">
      <Filter>Source Files\LCProblems\Array</Filter>
    </ClCompile>
    <ClCompile Include="..\..\..\Joanne%27s Data\LCProject\LCProject\162_FindPeakElement.cpp">
      <Filter>Source Files\LCProblems\Array</Filter>
    </ClCompile>
    <ClCompile Include="..\..\..\Joanne%27s Data\LCProject\LCProject\120_Triangle.cpp">
      <Filter>Source Files\LCProblems\DP</Filter>
    </ClCompile>
    <ClCompile Include="..\..\..\Joanne%27s Data\LCProject\LCProject\152_MaximumProductSubarray.cpp">
      <Filter>Source Files\LCProblems\DP</Filter>
    </ClCompile>
    <ClCompile Include="..\..\..\Joanne%27s Data\LCProject\LCProject\3_LongestSubstringWithoutRepeatingCharacters.cpp">
      <Filter>Source Files\LCProblems\HashTable</Filter>
    </ClCompile>
    <ClCompile Include="..\..\..\Joanne%27s Data\LCProject\LCProject\2_AddTwoNumbers.cpp">
      <Filter>Source Files\LCProblems\LinkedList</Filter>
    </ClCompile>
    <ClCompile Include="..\..\..\Joanne%27s Data\LCProject\LCProject\BST.cpp">
      <Filter>Source Files\DataStructures</Filter>
    </ClCompile>
    <ClCompile Include="..\..\..\Joanne%27s Data\LCProject\LCProject\445_AddTwoNumbersII.cpp">
      <Filter>Source Files\LCProblems\LinkedList</Filter>
    </ClCompile>
    <ClCompile Include="160_IntersectionOfTwoLinkedLists.cpp">
      <Filter>Source Files\LCProblems\LinkedList</Filter>
    </ClCompile>
    <ClCompile Include="..\..\..\Joanne%27s Data\LCProject\LCProject\141_LinkedListCycle.cpp">
      <Filter>Source Files\LCProblems\LinkedList</Filter>
    </ClCompile>
    <ClCompile Include="..\..\..\Joanne%27s Data\LCProject\LCProject\142_LinkedListCycleII.cpp">
      <Filter>Source Files\LCProblems\LinkedList</Filter>
    </ClCompile>
    <ClCompile Include="..\..\..\Joanne%27s Data\LCProject\LCProject\349_IntersectionOfTwoArrays.cpp">
      <Filter>Source Files\LCProblems\Array</Filter>
    </ClCompile>
    <ClCompile Include="121_BestTimeToBuyAndSellStockI.cpp">
      <Filter>Source Files\LCProblems\Array</Filter>
    </ClCompile>
    <ClCompile Include="..\..\..\Joanne%27s Data\LCProject\LCProject\122_BestTimeToBuyAndSellStockII.cpp">
      <Filter>Source Files\LCProblems\Array</Filter>
    </ClCompile>
    <ClCompile Include="..\..\..\Joanne%27s Data\LCProject\LCProject\123_BestTimeToBuyAndSellStockIII.cpp">
      <Filter>Source Files\LCProblems\Array</Filter>
    </ClCompile>
    <ClCompile Include="..\..\..\Joanne%27s Data\LCProject\LCProject\188_BestTimeToBuyAndSellStockIV.cpp">
      <Filter>Source Files\LCProblems\DP</Filter>
    </ClCompile>
    <ClCompile Include="..\..\..\Joanne%27s Data\LCProject\LCProject\84_LargestRectangleInHistogram.cpp">
      <Filter>Source Files\LCProblems\Stack</Filter>
    </ClCompile>
    <ClCompile Include="..\..\..\Joanne%27s Data\LCProject\LCProject\85_MaximalRectangle.cpp">
      <Filter>Source Files\LCProblems\Stack</Filter>
    </ClCompile>
    <ClCompile Include="..\..\..\Joanne%27s Data\LCProject\LCProject\221_MaximumSquare.cpp">
      <Filter>Source Files\LCProblems\DP</Filter>
    </ClCompile>
    <ClCompile Include="..\..\..\Joanne%27s Data\LCProject\LCProject\105_ConstructBinaryTreeFromPreorderAndInorderTraversal.cpp">
      <Filter>Source Files\LCProblems\Tree</Filter>
    </ClCompile>
    <ClCompile Include="..\..\..\Joanne%27s Data\LCProject\LCProject\106_ConstsructBinaryTreeFromInorderAndPostorderTraversal.cpp">
      <Filter>Source Files\LCProblems\Tree</Filter>
    </ClCompile>
    <ClCompile Include="..\..\..\Joanne%27s Data\LCProject\LCProject\30_SubstringWithConcatenationOfAllWords.cpp">
      <Filter>Source Files\LCProblems\HashTable</Filter>
    </ClCompile>
    <ClCompile Include="..\..\..\Joanne%27s Data\LCProject\LCProject\328_OddEvenLinkedList.cpp">
      <Filter>Source Files\LCProblems\LinkedList</Filter>
    </ClCompile>
    <ClCompile Include="..\..\..\Joanne%27s Data\LCProject\LCProject\237_DeleteNodeInLinkedList.cpp">
      <Filter>Source Files\LCProblems\LinkedList</Filter>
    </ClCompile>
    <ClCompile Include="..\..\..\Joanne%27s Data\LCProject\LCProject\234_PalindromeLinkedList.cpp">
      <Filter>Source Files\LCProblems\LinkedList</Filter>
    </ClCompile>
    <ClCompile Include="..\..\..\Joanne%27s Data\LCProject\LCProject\143_ReorderList.cpp">
      <Filter>Source Files\LCProblems\LinkedList</Filter>
    </ClCompile>
    <ClCompile Include="..\..\..\Joanne%27s Data\LCProject\LCProject\36_ValidSoduku.cpp">
      <Filter>Source Files\LCProblems\BitManipulation</Filter>
    </ClCompile>
    <ClCompile Include="..\..\..\Joanne%27s Data\LCProject\LCProject\37_SudokuSolver.cpp">
      <Filter>Source Files\LCProblems\DFS</Filter>
    </ClCompile>
    <ClCompile Include="..\..\..\Joanne%27s Data\LCProject\LCProject\76_MinimumWindowSubstring.cpp">
      <Filter>Source Files\LCProblems\HashTable</Filter>
    </ClCompile>
    <ClCompile Include="..\..\..\Joanne%27s Data\LCProject\LCProject\32_LongestValidParentheses.cpp">
      <Filter>Source Files\LCProblems\DP</Filter>
    </ClCompile>
    <ClCompile Include="..\..\..\Joanne%27s Data\LCProject\LCProject\214_ShortestPalindrome.cpp">
      <Filter>Source Files\LCProblems\String</Filter>
    </ClCompile>
    <ClCompile Include="..\..\..\Joanne%27s Data\LCProject\LCProject\5_LongestPanlindromeSubstring.cpp">
      <Filter>Source Files\LCProblems\String</Filter>
    </ClCompile>
    <ClCompile Include="..\..\..\Joanne%27s Data\LCProject\LCProject\6_ZigZagConversion.cpp">
      <Filter>Source Files\LCProblems\String</Filter>
    </ClCompile>
    <ClCompile Include="..\..\..\Joanne%27s Data\LCProject\LCProject\8_StringToInteger.cpp">
      <Filter>Source Files\LCProblems\String</Filter>
    </ClCompile>
    <ClCompile Include="..\..\..\Joanne%27s Data\LCProject\LCProject\12_IntegerToRoman.cpp">
      <Filter>Source Files\LCProblems\String</Filter>
    </ClCompile>
    <ClCompile Include="..\..\..\Joanne%27s Data\LCProject\LCProject\13_RomanToInteger.cpp">
      <Filter>Source Files\LCProblems\String</Filter>
    </ClCompile>
    <ClCompile Include="..\..\..\Joanne%27s Data\LCProject\LCProject\14_LongestCommonPrefix.cpp">
      <Filter>Source Files\LCProblems\String</Filter>
    </ClCompile>
    <ClCompile Include="..\..\..\Joanne%27s Data\LCProject\LCProject\17_LetterCombinationsOfPhoneNumber.cpp">
      <Filter>Source Files\LCProblems\DFS</Filter>
    </ClCompile>
    <ClCompile Include="..\..\..\Joanne%27s Data\LCProject\LCProject\20_ValidParentheses.cpp">
      <Filter>Source Files\LCProblems\Stack</Filter>
    </ClCompile>
    <ClCompile Include="..\..\..\Joanne%27s Data\LCProject\LCProject\22_GenerateParentheses.cpp">
      <Filter>Source Files\LCProblems\DFS</Filter>
    </ClCompile>
    <ClCompile Include="..\..\..\Joanne%27s Data\LCProject\LCProject\28_ImplementStrStr.cpp">
      <Filter>Source Files\LCProblems\String</Filter>
    </ClCompile>
    <ClCompile Include="..\..\..\Joanne%27s Data\LCProject\LCProject\138_CopyLinkedListWithRandomPointer.cpp">
      <Filter>Source Files\LCProblems\LinkedList</Filter>
    </ClCompile>
    <ClCompile Include="..\..\..\Joanne%27s Data\LCProject\LCProject\92_ReverseLinkedListII.cpp">
      <Filter>Source Files\LCProblems\LinkedList</Filter>
    </ClCompile>
    <ClCompile Include="..\..\..\Joanne%27s Data\LCProject\LCProject\86_PartitionList.cpp">
      <Filter>Source Files\LCProblems\LinkedList</Filter>
    </ClCompile>
    <ClCompile Include="..\..\..\Joanne%27s Data\LCProject\LCProject\61_RotateList.cpp">
      <Filter>Source Files\LCProblems\LinkedList</Filter>
    </ClCompile>
    <ClCompile Include="..\..\..\Joanne%27s Data\LCProject\LCProject\24_SwapNodesInPairs.cpp">
      <Filter>Source Files\LCProblems\LinkedList</Filter>
    </ClCompile>
    <ClCompile Include="..\..\..\Joanne%27s Data\LCProject\LCProject\19_RemoveNthNodeFromEndOfList.cpp">
      <Filter>Source Files\LCProblems\LinkedList</Filter>
    </ClCompile>
    <ClCompile Include="..\..\..\Joanne%27s Data\LCProject\LCProject\25_ReverseNodesInKGroup.cpp">
      <Filter>Source Files\LCProblems\LinkedList</Filter>
    </ClCompile>
    <ClCompile Include="..\..\..\Joanne%27s Data\LCProject\LCProject\515_FindLargestValueInEachTreeRow.cpp">
      <Filter>Source Files\LCProblems\Tree</Filter>
    </ClCompile>
    <ClCompile Include="..\..\..\Joanne%27s Data\LCProject\LCProject\513_FindBottomLeftTreeValue.cpp">
      <Filter>Source Files\LCProblems\Tree</Filter>
    </ClCompile>
    <ClCompile Include="..\..\..\Joanne%27s Data\LCProject\LCProject\508_MostFrequentSubtreeSum.cpp">
      <Filter>Source Files\LCProblems\Tree</Filter>
    </ClCompile>
    <ClCompile Include="..\..\..\Joanne%27s Data\LCProject\LCProject\240_Search2DMatrixII.cpp">
      <Filter>Source Files\LCProblems\Array</Filter>
    </ClCompile>
    <ClCompile Include="..\..\..\Joanne%27s Data\LCProject\LCProject\501_FindModeInBinarySearchTree.cpp">
      <Filter>Source Files\LCProblems\Tree</Filter>
    </ClCompile>
    <ClCompile Include="..\..\..\Joanne%27s Data\LCProject\LCProject\450_DeleteNodeInBST.cpp">
      <Filter>Source Files\LCProblems\Tree</Filter>
    </ClCompile>
    <ClCompile Include="..\..\..\Joanne%27s Data\LCProject\LCProject\437_PathSumIII.cpp">
      <Filter>Source Files\LCProblems\Tree</Filter>
    </ClCompile>
    <ClCompile Include="..\..\..\Joanne%27s Data\LCProject\LCProject\112_PathSum.cpp">
      <Filter>Source Files\LCProblems\Tree</Filter>
    </ClCompile>
    <ClCompile Include="..\..\..\Joanne%27s Data\LCProject\LCProject\113_PathSumII.cpp">
      <Filter>Source Files\LCProblems\Tree</Filter>
    </ClCompile>
    <ClCompile Include="..\..\..\Joanne%27s Data\LCProject\LCProject\404_SumOfLeftLeaves.cpp">
      <Filter>Source Files\LCProblems\Tree</Filter>
    </ClCompile>
    <ClCompile Include="..\..\..\Joanne%27s Data\LCProject\LCProject\449_SerializeAndDeserializeBST.cpp">
      <Filter>Source Files\LCProblems\Tree</Filter>
    </ClCompile>
    <ClCompile Include="..\..\..\Joanne%27s Data\LCProject\LCProject\257_BinaryTreePath.cpp">
      <Filter>Source Files\LCProblems\Tree</Filter>
    </ClCompile>
    <ClCompile Include="..\..\..\Joanne%27s Data\LCProject\LCProject\235_LowestCommonAncestorOfBinarySearchTree.cpp">
      <Filter>Source Files\LCProblems\Tree</Filter>
    </ClCompile>
    <ClCompile Include="236_LowestCommonAncestorOfBinaryTree.cpp">
      <Filter>Source Files\LCProblems\Tree</Filter>
    </ClCompile>
    <ClCompile Include="230_KthSmallestElementInBST.cpp">
      <Filter>Source Files\LCProblems\Tree</Filter>
    </ClCompile>
    <ClCompile Include="..\..\..\Joanne%27s Data\LCProject\LCProject\226_InvertBinaryTree.cpp">
      <Filter>Source Files\LCProblems\Tree</Filter>
    </ClCompile>
    <ClCompile Include="..\..\..\Joanne%27s Data\LCProject\LCProject\144_BinaryTreePreorderTraversal.cpp">
      <Filter>Source Files\LCProblems\Tree</Filter>
    </ClCompile>
    <ClCompile Include="..\..\..\Joanne%27s Data\LCProject\LCProject\145_BinaryTreePostorderTraversal.cpp">
      <Filter>Source Files\LCProblems\Tree</Filter>
    </ClCompile>
    <ClCompile Include="..\..\..\Joanne%27s Data\LCProject\LCProject\94_BinaryTreeInorderTraversal.cpp">
      <Filter>Source Files\LCProblems\Tree</Filter>
    </ClCompile>
    <ClCompile Include="..\..\..\Joanne%27s Data\LCProject\LCProject\38_CountAndSay.cpp">
      <Filter>Source Files\LCProblems\String</Filter>
    </ClCompile>
    <ClCompile Include="..\..\..\Joanne%27s Data\LCProject\LCProject\7_ReverseInteger.cpp">
      <Filter>Source Files\LCProblems\Math</Filter>
    </ClCompile>
    <ClCompile Include="..\..\..\Joanne%27s Data\LCProject\LCProject\9_PalindromeNumber.cpp">
      <Filter>Source Files\LCProblems\Math</Filter>
    </ClCompile>
    <ClCompile Include="..\..\..\Joanne%27s Data\LCProject\LCProject\297_SerializationAndDeserializeBinaryTree.cpp">
      <Filter>Source Files\LCProblems\Tree</Filter>
    </ClCompile>
    <ClCompile Include="..\..\..\Joanne%27s Data\LCProject\LCProject\111_MinimumDepthOfBinaryTree.cpp">
      <Filter>Source Files\LCProblems\Tree</Filter>
    </ClCompile>
    <ClCompile Include="..\..\..\Joanne%27s Data\LCProject\LCProject\110_BalancedBinaryTree.cpp">
      <Filter>Source Files\LCProblems\Tree</Filter>
    </ClCompile>
    <ClCompile Include="..\..\..\Joanne%27s Data\LCProject\LCProject\102_BinaryTreeLevelOrderTraversal.cpp">
      <Filter>Source Files\LCProblems\Tree</Filter>
    </ClCompile>
    <ClCompile Include="..\..\..\Joanne%27s Data\LCProject\LCProject\107_BinaryTreeLevelOrderTraversalII.cpp">
      <Filter>Source Files\LCProblems\Tree</Filter>
    </ClCompile>
    <ClCompile Include="..\..\..\Joanne%27s Data\LCProject\LCProject\104_MaximumDepthOfBinaryTree.cpp">
      <Filter>Source Files\LCProblems\Tree</Filter>
    </ClCompile>
    <ClCompile Include="..\..\..\Joanne%27s Data\LCProject\LCProject\103_BinaryTreeZigzagLevelOrderTraversal.cpp">
      <Filter>Source Files\LCProblems\Tree</Filter>
    </ClCompile>
    <ClCompile Include="..\..\..\Joanne%27s Data\LCProject\LCProject\125_ValidPalindrome.cpp">
      <Filter>Source Files\LCProblems\String</Filter>
    </ClCompile>
    <ClCompile Include="..\..\..\Joanne%27s Data\LCProject\LCProject\344_ReverseString.cpp">
      <Filter>Source Files\LCProblems\String</Filter>
    </ClCompile>
    <ClCompile Include="222_CountCompleteTreeNodes.cpp">
      <Filter>Source Files\LCProblems\Tree</Filter>
    </ClCompile>
    <ClCompile Include="..\..\..\Joanne%27s Data\LCProject\LCProject\199_BinaryTreeRightSideView.cpp">
      <Filter>Source Files\LCProblems\Tree</Filter>
    </ClCompile>
    <ClCompile Include="..\..\..\Joanne%27s Data\LCProject\LCProject\173_BinarySearchTreeIterator.cpp">
      <Filter>Source Files\LCProblems\Tree</Filter>
    </ClCompile>
    <ClCompile Include="..\..\..\Joanne%27s Data\LCProject\LCProject\29_DivideTwoIntegers.cpp">
      <Filter>Source Files\LCProblems\Math</Filter>
    </ClCompile>
    <ClCompile Include="..\..\..\Joanne%27s Data\LCProject\LCProject\43_MultiplyString.cpp">
      <Filter>Source Files\LCProblems\String</Filter>
    </ClCompile>
    <ClCompile Include="..\..\..\Joanne%27s Data\LCProject\LCProject\50_PowXN.cpp">
      <Filter>Source Files\LCProblems\Math</Filter>
    </ClCompile>
    <ClCompile Include="..\..\..\Joanne%27s Data\LCProject\LCProject\60_PermutationSequence.cpp">
      <Filter>Source Files\LCProblems\Math</Filter>
    </ClCompile>
    <ClCompile Include="..\..\..\Joanne%27s Data\LCProject\LCProject\168_ExcelSheetColumnTitle.cpp">
      <Filter>Source Files\LCProblems\Math</Filter>
    </ClCompile>
    <ClCompile Include="..\..\..\Joanne%27s Data\LCProject\LCProject\171_ExcelSheetColumnNumber.cpp">
      <Filter>Source Files\LCProblems\Math</Filter>
    </ClCompile>
    <ClCompile Include="..\..\..\Joanne%27s Data\LCProject\LCProject\65_ValidNumber.cpp">
      <Filter>Source Files\LCProblems\String</Filter>
    </ClCompile>
    <ClCompile Include="..\..\..\Joanne%27s Data\LCProject\LCProject\67_AddBinary.cpp">
      <Filter>Source Files\LCProblems\String</Filter>
    </ClCompile>
    <ClCompile Include="..\..\..\Joanne%27s Data\LCProject\LCProject\69_SquareRoot.cpp">
      <Filter>Source Files\LCProblems\Math</Filter>
    </ClCompile>
    <ClCompile Include="..\..\..\Joanne%27s Data\LCProject\LCProject\46_Permutations.cpp">
      <Filter>Source Files\LCProblems\DFS</Filter>
    </ClCompile>
    <ClCompile Include="..\..\..\Joanne%27s Data\LCProject\LCProject\417_PacificAtlanticWaterFlow.cpp">
      <Filter>Source Files\LCProblems\DFS</Filter>
    </ClCompile>
    <ClCompile Include="..\..\..\Joanne%27s Data\LCProject\LCProject\47_PermutationII.cpp">
      <Filter>Source Files\LCProblems\DFS</Filter>
    </ClCompile>
    <ClCompile Include="..\..\..\Joanne%27s Data\LCProject\LCProject\71_SimplifyPath.cpp">
      <Filter>Source Files\LCProblems\Stack</Filter>
    </ClCompile>
    <ClCompile Include="204_CountPrimes.cpp">
      <Filter>Source Files\LCProblems\Math</Filter>
    </ClCompile>
    <ClCompile Include="172_FactorialTrailingZeors.cpp">
      <Filter>Source Files\LCProblems\Math</Filter>
    </ClCompile>
    <ClCompile Include="..\..\..\Joanne%27s Data\LCProject\LCProject\202_HappyNumber.cpp">
      <Filter>Source Files\LCProblems\Math</Filter>
    </ClCompile>
    <ClCompile Include="..\..\..\Joanne%27s Data\LCProject\LCProject\166_FractionToRecurringDecimal.cpp">
      <Filter>Source Files\LCProblems\Math</Filter>
    </ClCompile>
    <ClCompile Include="..\..\..\Joanne%27s Data\LCProject\LCProject\231_PowerOfTwo.cpp">
      <Filter>Source Files\LCProblems\Math</Filter>
    </ClCompile>
    <ClCompile Include="..\..\..\Joanne%27s Data\LCProject\LCProject\258_AddDigits.cpp">
      <Filter>Source Files\LCProblems\Math</Filter>
    </ClCompile>
    <ClCompile Include="..\..\..\Joanne%27s Data\LCProject\LCProject\77_Combinations.cpp">
      <Filter>Source Files\LCProblems\DFS</Filter>
    </ClCompile>
    <ClCompile Include="..\..\..\Joanne%27s Data\LCProject\LCProject\401_BinaryWatch.cpp">
      <Filter>Source Files\LCProblems\DFS</Filter>
    </ClCompile>
    <ClCompile Include="..\..\..\Joanne%27s Data\LCProject\LCProject\49_GroupAnagrams.cpp">
      <Filter>Source Files\LCProblems\HashTable</Filter>
    </ClCompile>
    <ClCompile Include="..\..\..\Joanne%27s Data\LCProject\LCProject\205_IsomorphicString.cpp">
      <Filter>Source Files\LCProblems\HashTable</Filter>
    </ClCompile>
    <ClCompile Include="..\..\..\Joanne%27s Data\LCProject\LCProject\242_ValidAnagram.cpp">
      <Filter>Source Files\LCProblems\HashTable</Filter>
    </ClCompile>
    <ClCompile Include="..\..\..\Joanne%27s Data\LCProject\LCProject\263_UglyNumber.cpp">
      <Filter>Source Files\LCProblems\Math</Filter>
    </ClCompile>
    <ClCompile Include="..\..\..\Joanne%27s Data\LCProject\LCProject\98_ValidateBinarySearchTree.cpp">
      <Filter>Source Files\LCProblems\Tree</Filter>
    </ClCompile>
    <ClCompile Include="..\..\..\Joanne%27s Data\LCProject\LCProject\100_SameTree.cpp">
      <Filter>Source Files\LCProblems\Tree</Filter>
    </ClCompile>
    <ClCompile Include="..\..\..\Joanne%27s Data\LCProject\LCProject\101_SymmetricTree.cpp">
      <Filter>Source Files\LCProblems\Tree</Filter>
    </ClCompile>
    <ClCompile Include="..\..\..\Joanne%27s Data\LCProject\LCProject\114_FlattenBinaryTreeToLinkedList.cpp">
      <Filter>Source Files\LCProblems\Tree</Filter>
    </ClCompile>
    <ClCompile Include="..\..\..\Joanne%27s Data\LCProject\LCProject\96_UniqueBinarySearchTree.cpp">
      <Filter>Source Files\LCProblems\Tree</Filter>
    </ClCompile>
    <ClCompile Include="95_UniqueBinarySearchTreeII.cpp">
      <Filter>Source Files\LCProblems\Tree</Filter>
    </ClCompile>
    <ClCompile Include="..\..\..\Joanne%27s Data\LCProject\LCProject\99_RecoverBinarySearchTree.cpp">
      <Filter>Source Files\LCProblems\Tree</Filter>
    </ClCompile>
    <ClCompile Include="..\..\..\Joanne%27s Data\LCProject\LCProject\116_PopulatingNextRightPointersInEachNode.cpp">
      <Filter>Source Files\LCProblems\Tree</Filter>
    </ClCompile>
    <ClCompile Include="..\..\..\Joanne%27s Data\LCProject\LCProject\117_PopulatingNextRightPointersInEachNodeII.cpp">
      <Filter>Source Files\LCProblems\Tree</Filter>
    </ClCompile>
    <ClCompile Include="..\..\..\Joanne%27s Data\LCProject\LCProject\124_BinaryTreeMaximumPathSum.cpp">
      <Filter>Source Files\LCProblems\Tree</Filter>
    </ClCompile>
    <ClCompile Include="..\..\..\Joanne%27s Data\LCProject\LCProject\129_SumRootToLeafNumbers.cpp">
      <Filter>Source Files\LCProblems\Tree</Filter>
    </ClCompile>
    <ClCompile Include="..\..\..\Joanne%27s Data\LCProject\LCProject\198_HouseRobber.cpp">
      <Filter>Source Files\LCProblems\DP</Filter>
    </ClCompile>
    <ClCompile Include="..\..\..\Joanne%27s Data\LCProject\LCProject\213_HouseRobberII.cpp">
      <Filter>Source Files\LCProblems\DP</Filter>
    </ClCompile>
    <ClCompile Include="337_HouseRobberIII.cpp">
      <Filter>Source Files\LCProblems\Tree</Filter>
    </ClCompile>
    <ClCompile Include="..\..\..\Joanne%27s Data\LCProject\LCProject\149_MaxPointsOnALine.cpp">
      <Filter>Source Files\LCProblems\HashTable</Filter>
    </ClCompile>
    <ClCompile Include="..\..\..\Joanne%27s Data\LCProject\LCProject\223_RectangleArea.cpp">
      <Filter>Source Files\LCProblems\Math</Filter>
    </ClCompile>
    <ClCompile Include="..\..\..\Joanne%27s Data\LCProject\LCProject\150_EvaluateReversePolishNotation.cpp">
      <Filter>Source Files\LCProblems\Stack</Filter>
    </ClCompile>
    <ClCompile Include="..\..\..\Joanne%27s Data\LCProject\LCProject\200_NumberOfIslands.cpp">
      <Filter>Source Files\LCProblems\DFS</Filter>
    </ClCompile>
    <ClCompile Include="..\..\..\Joanne%27s Data\LCProject\LCProject\264_UglyNumberII.cpp">
      <Filter>Source Files\LCProblems\Heap</Filter>
    </ClCompile>
    <ClCompile Include="..\..\..\Joanne%27s Data\LCProject\LCProject\313_SuperUglyNumber.cpp">
      <Filter>Source Files\LCProblems\Heap</Filter>
    </ClCompile>
    <ClCompile Include="..\..\..\Joanne%27s Data\LCProject\LCProject\274_HIndex.cpp">
      <Filter>Source Files\LCProblems\HashTable</Filter>
    </ClCompile>
    <ClCompile Include="..\..\..\Joanne%27s Data\LCProject\LCProject\275_HIndexII.cpp">
      <Filter>Source Files\LCProblems\HashTable</Filter>
    </ClCompile>
    <ClCompile Include="..\..\..\Joanne%27s Data\LCProject\LCProject\224_BasicCalculator.cpp">
      <Filter>Source Files\LCProblems\Stack</Filter>
    </ClCompile>
    <ClCompile Include="227_BasicCalculatorII.cpp">
      <Filter>Source Files\LCProblems\Stack</Filter>
    </ClCompile>
    <ClCompile Include="..\..\..\Joanne%27s Data\LCProject\LCProject\225_ImplementStackUsingQueues.cpp">
      <Filter>Source Files\LCProblems\Stack</Filter>
    </ClCompile>
    <ClCompile Include="..\..\..\Joanne%27s Data\LCProject\LCProject\232_ImplementQueueUsingStacks.cpp">
      <Filter>Source Files\LCProblems\Stack</Filter>
    </ClCompile>
    <ClCompile Include="..\..\..\Joanne%27s Data\LCProject\LCProject\44_WildcardMatching.cpp">
      <Filter>Source Files\LCProblems\DP</Filter>
    </ClCompile>
    <ClCompile Include="..\..\..\Joanne%27s Data\LCProject\LCProject\10_RegularExpressionMatching.cpp">
      <Filter>Source Files\LCProblems\DP</Filter>
    </ClCompile>
    <ClCompile Include="..\..\..\Joanne%27s Data\LCProject\LCProject\68_TextJustification.cpp">
      <Filter>Source Files\LCProblems\String</Filter>
    </ClCompile>
    <ClCompile Include="..\..\..\Joanne%27s Data\LCProject\LCProject\72_EditDistance.cpp">
      <Filter>Source Files\LCProblems\DP</Filter>
    </ClCompile>
    <ClCompile Include="..\..\..\Joanne%27s Data\LCProject\LCProject\87_ScrambleString.cpp">
      <Filter>Source Files\LCProblems\String</Filter>
    </ClCompile>
    <ClCompile Include="..\..\..\Joanne%27s Data\LCProject\LCProject\58_LengthOfLastWord.cpp">
      <Filter>Source Files\LCProblems\String</Filter>
    </ClCompile>
    <ClCompile Include="..\..\..\Joanne%27s Data\LCProject\LCProject\91_DecodeWays.cpp">
      <Filter>Source Files\LCProblems\String</Filter>
    </ClCompile>
    <ClCompile Include="..\..\..\Joanne%27s Data\LCProject\LCProject\93_RestoreIPAddress.cpp">
      <Filter>Source Files\LCProblems\String</Filter>
    </ClCompile>
    <ClCompile Include="..\..\..\Joanne%27s Data\LCProject\LCProject\151_ReverseWordsInString.cpp">
      <Filter>Source Files\LCProblems\String</Filter>
    </ClCompile>
    <ClCompile Include="..\..\..\Joanne%27s Data\LCProject\LCProject\345_ReverseVowelsOfString.cpp">
      <Filter>Source Files\LCProblems\String</Filter>
    </ClCompile>
    <ClCompile Include="..\..\..\Joanne%27s Data\LCProject\LCProject\146_LRUCache.cpp">
      <Filter>Source Files\LCProblems\Design</Filter>
    </ClCompile>
    <ClCompile Include="..\..\..\Joanne%27s Data\LCProject\LCProject\290_WordPattern.cpp">
      <Filter>Source Files\LCProblems\HashTable</Filter>
    </ClCompile>
    <ClCompile Include="..\..\..\Joanne%27s Data\LCProject\LCProject\299_BullsAndCows.cpp">
      <Filter>Source Files\LCProblems\HashTable</Filter>
    </ClCompile>
    <ClCompile Include="..\..\..\Joanne%27s Data\LCProject\LCProject\350_IntersectionOfTwoArraysII.cpp">
      <Filter>Source Files\LCProblems\Array</Filter>
    </ClCompile>
    <ClCompile Include="..\..\..\Joanne%27s Data\LCProject\LCProject\97_InterleavingString.cpp">
      <Filter>Source Files\LCProblems\DP</Filter>
    </ClCompile>
    <ClCompile Include="..\..\..\Joanne%27s Data\LCProject\LCProject\115_DistinctSubsequences.cpp">
      <Filter>Source Files\LCProblems\DP</Filter>
    </ClCompile>
    <ClCompile Include="..\..\..\Joanne%27s Data\LCProject\LCProject\273_IntegerToEnglishWords.cpp">
      <Filter>Source Files\LCProblems\String</Filter>
    </ClCompile>
    <ClCompile Include="..\..\..\Joanne%27s Data\LCProject\LCProject\355_DesignTwitter.cpp">
      <Filter>Source Files\LCProblems\HashTable</Filter>
    </ClCompile>
    <ClCompile Include="..\..\..\Joanne%27s Data\LCProject\LCProject\336_PalindromePairs.cpp">
      <Filter>Source Files\LCProblems\String</Filter>
    </ClCompile>
    <ClCompile Include="383_RansomNote.cpp">
      <Filter>Source Files\LCProblems\String</Filter>
    </ClCompile>
    <ClCompile Include="..\..\..\Joanne%27s Data\LCProject\LCProject\347_TopKFrequentElements.cpp">
      <Filter>Source Files\LCProblems\Heap</Filter>
    </ClCompile>
    <ClCompile Include="..\..\..\Joanne%27s Data\LCProject\LCProject\389_FindTheDifference.cpp">
      <Filter>Source Files\LCProblems\HashTable</Filter>
    </ClCompile>
    <ClCompile Include="..\..\..\Joanne%27s Data\LCProject\LCProject\409_LongestPalindrome.cpp">
      <Filter>Source Files\LCProblems\HashTable</Filter>
    </ClCompile>
    <ClCompile Include="..\..\..\Joanne%27s Data\LCProject\LCProject\438_FindAllAnagramsInString.cpp">
      <Filter>Source Files\LCProblems\HashTable</Filter>
    </ClCompile>
    <ClCompile Include="..\..\..\Joanne%27s Data\LCProject\LCProject\70_ClimbingStairs.cpp">
      <Filter>Source Files\LCProblems\DP</Filter>
    </ClCompile>
    <ClCompile Include="..\..\..\Joanne%27s Data\LCProject\LCProject\447_NumberOfBoomerangs.cpp">
      <Filter>Source Files\LCProblems\HashTable</Filter>
    </ClCompile>
    <ClCompile Include="..\..\..\Joanne%27s Data\LCProject\LCProject\451_SortCharactersByFrequency.cpp">
      <Filter>Source Files\LCProblems\Heap</Filter>
    </ClCompile>
    <ClCompile Include="..\..\..\Joanne%27s Data\LCProject\LCProject\463_IslandPerimeter.cpp">
      <Filter>Source Files\LCProblems\Array</Filter>
    </ClCompile>
    <ClCompile Include="..\..\..\Joanne%27s Data\LCProject\LCProject\500_KeyboardRow.cpp">
      <Filter>Source Files\LCProblems\HashTable</Filter>
    </ClCompile>
    <ClCompile Include="..\..\..\Joanne%27s Data\LCProject\LCProject\525_ContiguousArray.cpp">
      <Filter>Source Files\LCProblems\HashTable</Filter>
    </ClCompile>
    <ClCompile Include="..\..\..\Joanne%27s Data\LCProject\LCProject\319_BulbSwitcher.cpp">
      <Filter>Source Files\LCProblems\Math</Filter>
    </ClCompile>
    <ClCompile Include="..\..\..\Joanne%27s Data\LCProject\LCProject\388._LongestAbsoluteFilePath .cpp">
      <Filter>Source Files\LCProblems\Stack</Filter>
    </ClCompile>
    <ClCompile Include="..\..\..\Joanne%27s Data\LCProject\LCProject\279_PerfectSquares.cpp">
      <Filter>Source Files\LCProblems\DP</Filter>
    </ClCompile>
    <ClCompile Include="..\..\..\Joanne%27s Data\LCProject\LCProject\233_NumberDigitOne .cpp">
      <Filter>Source Files\LCProblems\Math</Filter>
    </ClCompile>
    <ClCompile Include="..\..\..\Joanne%27s Data\LCProject\LCProject\326_PowerOfThree.cpp">
      <Filter>Source Files\LCProblems\Math</Filter>
    </ClCompile>
    <ClCompile Include="..\..\..\Joanne%27s Data\LCProject\LCProject\335_SelfCrossing.cpp">
      <Filter>Source Files\LCProblems\Math</Filter>
    </ClCompile>
    <ClCompile Include="..\..\..\Joanne%27s Data\LCProject\LCProject\51_NQueens.cpp">
      <Filter>Source Files\LCProblems\DFS</Filter>
    </ClCompile>
    <ClCompile Include="..\..\..\Joanne%27s Data\LCProject\LCProject\52_NQueenII.cpp">
      <Filter>Source Files\LCProblems\DFS</Filter>
    </ClCompile>
    <ClCompile Include="..\..\..\Joanne%27s Data\LCProject\LCProject\385_MiniParser.cpp">
      <Filter>Source Files\LCProblems\String</Filter>
    </ClCompile>
    <ClCompile Include="..\..\..\Joanne%27s Data\LCProject\LCProject\215_KthLargestElementInArray.cpp">
      <Filter>Source Files\LCProblems\Heap</Filter>
    </ClCompile>
    <ClCompile Include="..\..\..\Joanne%27s Data\LCProject\LCProject\343_IntegerBreak.cpp">
      <Filter>Source Files\LCProblems\Math</Filter>
    </ClCompile>
    <ClCompile Include="..\..\..\Joanne%27s Data\LCProject\LCProject\207_CourseSchedule.cpp">
      <Filter>Source Files\LCProblems\Graph</Filter>
    </ClCompile>
    <ClCompile Include="..\..\..\Joanne%27s Data\LCProject\LCProject\133_CloneGraph.cpp">
      <Filter>Source Files\LCProblems\Graph</Filter>
    </ClCompile>
    <ClCompile Include="..\..\..\Joanne%27s Data\LCProject\LCProject\210_CourseSchedule.cpp">
      <Filter>Source Files\LCProblems\Graph</Filter>
    </ClCompile>
    <ClCompile Include="..\..\..\Joanne%27s Data\LCProject\LCProject\367_ValidPerfectSquare.cpp">
      <Filter>Source Files\LCProblems\Math</Filter>
    </ClCompile>
    <ClCompile Include="..\..\..\Joanne%27s Data\LCProject\LCProject\130_SurroundedRegions.cpp">
      <Filter>Source Files\LCProblems\Array</Filter>
    </ClCompile>
    <ClCompile Include="..\..\..\Joanne%27s Data\LCProject\LCProject\131_PalindromePartitioning.cpp">
      <Filter>Source Files\LCProblems\DFS</Filter>
    </ClCompile>
    <ClCompile Include="..\..\..\Joanne%27s Data\LCProject\LCProject\132_PalindromePartitioning.cpp">
      <Filter>Source Files\LCProblems\String</Filter>
    </ClCompile>
    <ClCompile Include="..\..\..\Joanne%27s Data\LCProject\LCProject\165_CompareVersionNumber.cpp">
      <Filter>Source Files\LCProblems\String</Filter>
    </ClCompile>
    <ClCompile Include="..\..\..\Joanne%27s Data\LCProject\LCProject\164_MaximumGap.cpp">
      <Filter>Source Files\LCProblems\BucketSort</Filter>
    </ClCompile>
    <ClCompile Include="..\..\..\Joanne%27s Data\LCProject\LCProject\Encircle.cpp">
      <Filter>Source Files\Challenge\空气床</Filter>
    </ClCompile>
    <ClCompile Include="..\..\..\Joanne%27s Data\LCProject\LCProject\JumpJack.cpp">
      <Filter>Source Files\Challenge\空气床</Filter>
    </ClCompile>
    <ClCompile Include="..\..\..\Joanne%27s Data\LCProject\LCProject\LegoBricks.cpp">
      <Filter>Source Files\Challenge\空气床</Filter>
    </ClCompile>
    <ClCompile Include="..\..\..\Joanne%27s Data\LCProject\LCProject\StringSimilarity.cpp">
      <Filter>Source Files\Challenge\空气床</Filter>
    </ClCompile>
    <ClCompile Include="..\..\..\Joanne%27s Data\LCProject\LCProject\174_DungeonGame.cpp">
      <Filter>Source Files\LCProblems\DP</Filter>
    </ClCompile>
    <ClCompile Include="..\..\..\Joanne%27s Data\LCProject\LCProject\179_LargestNumber.cpp">
      <Filter>Source Files\LCProblems\Array</Filter>
    </ClCompile>
    <ClCompile Include="..\..\..\Joanne%27s Data\LCProject\LCProject\190_ReverseBits.cpp">
      <Filter>Source Files\LCProblems\BitManipulation</Filter>
    </ClCompile>
    <ClCompile Include="..\..\..\Joanne%27s Data\LCProject\LCProject\191_NumberOf1Bits.cpp">
      <Filter>Source Files\LCProblems\BitManipulation</Filter>
    </ClCompile>
    <ClCompile Include="..\..\..\Joanne%27s Data\LCProject\LCProject\211_AddAndSearchWord.cpp">
      <Filter>Source Files\LCProblems\Trie</Filter>
    </ClCompile>
    <ClCompile Include="..\..\..\Joanne%27s Data\LCProject\LCProject\421_MaximumXOROfTwoNumbersInArray.cpp">
      <Filter>Source Files\LCProblems\Trie</Filter>
    </ClCompile>
    <ClCompile Include="..\..\..\Joanne%27s Data\LCProject\LCProject\137_SingleNumberII.cpp">
      <Filter>Source Files\LCProblems\BitManipulation</Filter>
    </ClCompile>
    <ClCompile Include="..\..\..\Joanne%27s Data\LCProject\LCProject\136_SingleNumber.cpp">
      <Filter>Source Files\LCProblems\BitManipulation</Filter>
    </ClCompile>
    <ClCompile Include="..\..\..\Joanne%27s Data\LCProject\LCProject\260_SingleNumberIII.cpp">
      <Filter>Source Files\LCProblems\BitManipulation</Filter>
    </ClCompile>
    <ClCompile Include="..\..\..\Joanne%27s Data\LCProject\LCProject\371_SumOfTwoIntegers.cpp">
      <Filter>Source Files\LCProblems\BitManipulation</Filter>
    </ClCompile>
    <ClCompile Include="..\..\..\Joanne%27s Data\LCProject\LCProject\318_MaximumProductOfWordLength.cpp">
      <Filter>Source Files\LCProblems\BitManipulation</Filter>
    </ClCompile>
    <ClCompile Include="..\..\..\Joanne%27s Data\LCProject\LCProject\338_CountingBits.cpp">
      <Filter>Source Files\LCProblems\BitManipulation</Filter>
    </ClCompile>
    <ClCompile Include="..\..\..\Joanne%27s Data\LCProject\LCProject\521_LongestUncommonSubsequence.cpp">
      <Filter>Source Files\LCProblems\String</Filter>
    </ClCompile>
    <ClCompile Include="..\..\..\Joanne%27s Data\LCProject\LCProject\522_LongestUncommonSubsequenceII.cpp">
      <Filter>Source Files\LCProblems\String</Filter>
    </ClCompile>
    <ClCompile Include="..\..\..\Joanne%27s Data\LCProject\LCProject\139_WordBreak.cpp">
      <Filter>Source Files\LCProblems\DP</Filter>
    </ClCompile>
    <ClCompile Include="..\..\..\Joanne%27s Data\LCProject\LCProject\140_WordBreakII.cpp">
      <Filter>Source Files\LCProblems\DP</Filter>
    </ClCompile>
    <ClCompile Include="342_PowerOf4.cpp">
      <Filter>Source Files\LCProblems\Math</Filter>
    </ClCompile>
    <ClCompile Include="..\..\..\Joanne%27s Data\LCProject\LCProject\393_UTF8Validation.cpp">
      <Filter>Source Files\LCProblems\BitManipulation</Filter>
    </ClCompile>
    <ClCompile Include="..\..\..\Joanne%27s Data\LCProject\LCProject\300_LongestIncreasingSubsequence.cpp">
      <Filter>Source Files\LCProblems\DP</Filter>
    </ClCompile>
    <ClCompile Include="..\..\..\Joanne%27s Data\LCProject\LCProject\303_RangeSumQuery.cpp">
      <Filter>Source Files\LCProblems\DP</Filter>
    </ClCompile>
    <ClCompile Include="..\..\..\Joanne%27s Data\LCProject\LCProject\322_CoinChange.cpp">
      <Filter>Source Files\LCProblems\DP</Filter>
    </ClCompile>
    <ClCompile Include="..\..\..\Joanne%27s Data\LCProject\LCProject\354_RussionDollEnvelopes.cpp">
      <Filter>Source Files\LCProblems\DP</Filter>
    </ClCompile>
    <ClCompile Include="..\..\..\Joanne%27s Data\LCProject\LCProject\309_BestTimeToBuyAndSellStockWithCoolDown.cpp">
      <Filter>Source Files\LCProblems\DP</Filter>
    </ClCompile>
    <ClCompile Include="..\..\..\Joanne%27s Data\LCProject\LCProject\312_BurstBallons.cpp">
      <Filter>Source Files\LCProblems\DP</Filter>
    </ClCompile>
    <ClCompile Include="..\..\..\Joanne%27s Data\LCProject\LCProject\357_CountNumberWithUniqueDigits.cpp">
      <Filter>Source Files\LCProblems\Math</Filter>
    </ClCompile>
    <ClCompile Include="..\..\..\Joanne%27s Data\LCProject\LCProject\368_LargestDivisibleSubsets.cpp">
      <Filter>Source Files\LCProblems\DP</Filter>
    </ClCompile>
    <ClCompile Include="..\..\..\Joanne%27s Data\LCProject\LCProject\403_FrogJump.cpp">
      <Filter>Source Files\LCProblems\DP</Filter>
    </ClCompile>
    <ClCompile Include="..\..\..\Joanne%27s Data\LCProject\LCProject\394_DecodeString.cpp">
      <Filter>Source Files\LCProblems\String</Filter>
    </ClCompile>
    <ClCompile Include="..\..\..\Joanne%27s Data\LCProject\LCProject\332_ReconstructItinerary.cpp">
      <Filter>Source Files\LCProblems\DFS</Filter>
    </ClCompile>
    <ClCompile Include="..\..\..\Joanne%27s Data\LCProject\LCProject\331_VerifyPreorderSerializationOfBinaryTree.cpp">
      <Filter>Source Files\LCProblems\Stack</Filter>
    </ClCompile>
    <ClCompile Include="..\..\..\Joanne%27s Data\LCProject\LCProject\341_FlattenNestedListIterator.cpp">
      <Filter>Source Files\LCProblems\Stack</Filter>
    </ClCompile>
    <ClCompile Include="..\..\..\Joanne%27s Data\LCProject\LCProject\372_SuperPow.cpp">
      <Filter>Source Files\LCProblems\Math</Filter>
    </ClCompile>
    <ClCompile Include="..\..\..\Joanne%27s Data\LCProject\LCProject\396_RotateFunction.cpp">
      <Filter>Source Files\LCProblems\Math</Filter>
    </ClCompile>
    <ClCompile Include="..\..\..\Joanne%27s Data\LCProject\LCProject\397_IntegerReplacement.cpp">
      <Filter>Source Files\LCProblems\Math</Filter>
    </ClCompile>
    <ClCompile Include="..\..\..\Joanne%27s Data\LCProject\LCProject\400_NthDigit.cpp">
      <Filter>Source Files\LCProblems\Math</Filter>
    </ClCompile>
    <ClCompile Include="..\..\..\Joanne%27s Data\LCProject\LCProject\415_AddString.cpp">
      <Filter>Source Files\LCProblems\Math</Filter>
    </ClCompile>
    <ClCompile Include="CountSetBit.cpp">
      <Filter>Source Files\Basics</Filter>
    </ClCompile>
    <ClCompile Include="..\..\..\Joanne%27s Data\LCProject\LCProject\461_HammingDistance.cpp">
      <Filter>Source Files\LCProblems\BitManipulation</Filter>
    </ClCompile>
    <ClCompile Include="..\..\..\Joanne%27s Data\LCProject\LCProject\477_TotalHammingDistance.cpp">
      <Filter>Source Files\LCProblems\BitManipulation</Filter>
    </ClCompile>
    <ClCompile Include="..\..\..\Joanne%27s Data\LCProject\LCProject\476_NumberComplement.cpp">
      <Filter>Source Files\LCProblems\BitManipulation</Filter>
    </ClCompile>
    <ClCompile Include="LinkedList_FindMiddleNode.cpp">
      <Filter>Source Files\Basics</Filter>
    </ClCompile>
    <ClCompile Include="LinkedList_ReverseLinkedList.cpp">
      <Filter>Source Files\Basics</Filter>
    </ClCompile>
    <ClCompile Include="Iteration_Fibonacci.cpp">
      <Filter>Source Files\Basics</Filter>
    </ClCompile>
    <ClCompile Include="Iteration_PowerBofA.cpp">
      <Filter>Source Files\Basics</Filter>
    </ClCompile>
    <ClCompile Include="BinarySearch_SearchSizeUnknownArray.cpp">
      <Filter>Source Files\Basics</Filter>
    </ClCompile>
    <ClCompile Include="BinarySearch_SearchSortedMatrix.cpp">
      <Filter>Source Files\Basics</Filter>
    </ClCompile>
    <ClCompile Include="String_StringPatternMatching.cpp">
      <Filter>Source Files\Basics</Filter>
    </ClCompile>
    <ClCompile Include="Tree_isBalanced.cpp">
      <Filter>Source Files\Basics</Filter>
    </ClCompile>
    <ClCompile Include="..\..\..\Joanne%27s Data\LCProject\LCProject\tc.cpp">
      <Filter>Source Files\DataStructures</Filter>
    </ClCompile>
    <ClCompile Include="..\..\..\Joanne%27s Data\LCProject\LCProject\Tree_isSymmetric.cpp">
      <Filter>Source Files\Basics</Filter>
    </ClCompile>
    <ClCompile Include="..\..\..\Joanne%27s Data\LCProject\LCProject\Tree_isBST.cpp">
      <Filter>Source Files\Basics</Filter>
    </ClCompile>
    <ClCompile Include="..\..\..\Joanne%27s Data\LCProject\LCProject\376_WiggleSequence.cpp">
      <Filter>Source Files\LCProblems\DP</Filter>
    </ClCompile>
    <ClCompile Include="..\..\..\Joanne%27s Data\LCProject\LCProject\89_GrayCode.cpp">
      <Filter>Source Files\LCProblems\DFS</Filter>
    </ClCompile>
    <ClCompile Include="..\..\..\Joanne%27s Data\LCProject\LCProject\127_WordLadder.cpp">
      <Filter>Source Files\LCProblems\BFS</Filter>
    </ClCompile>
    <ClCompile Include="..\..\..\Joanne%27s Data\LCProject\LCProject\126_WordLadderII.cpp">
      <Filter>Source Files\LCProblems\BFS</Filter>
    </ClCompile>
    <ClCompile Include="..\..\..\Joanne%27s Data\LCProject\LCProject\134_GasStation.cpp">
      <Filter>Source Files\LCProblems\Greedy</Filter>
    </ClCompile>
    <ClCompile Include="..\..\..\Joanne%27s Data\LCProject\LCProject\135_Candy.cpp">
      <Filter>Source Files\LCProblems\Greedy</Filter>
    </ClCompile>
    <ClCompile Include="220_ContainsDuplicatesIII.cpp">
      <Filter>Source Files\LCProblems\Array</Filter>
    </ClCompile>
    <ClCompile Include="..\..\..\Joanne%27s Data\LCProject\LCProject\278_FirstBadVersion.cpp">
      <Filter>Source Files\LCProblems\BinarySearch</Filter>
    </ClCompile>
    <ClCompile Include="..\..\..\Joanne%27s Data\LCProject\LCProject\SerializeAndDeserialize.cpp">
      <Filter>Source Files\Basics</Filter>
    </ClCompile>
    <ClCompile Include="..\..\..\Joanne%27s Data\LCProject\LCProject\Tree_PrintWithRange.cpp">
      <Filter>Source Files\Basics</Filter>
    </ClCompile>
    <ClCompile Include="..\..\..\Joanne%27s Data\LCProject\LCProject\Heap_KSmallestElements.cpp">
      <Filter>Source Files\Basics</Filter>
    </ClCompile>
    <ClCompile Include="75_SortColors.cpp">
      <Filter>Source Files\LCProblems\Sort</Filter>
    </ClCompile>
    <ClCompile Include="..\..\..\Joanne%27s Data\LCProject\LCProject\218_SkylineProblem.cpp">
      <Filter>Source Files\LCProblems\Scanning</Filter>
    </ClCompile>
    <ClCompile Include="..\..\..\Joanne%27s Data\LCProject\LCProject\277_FindCelebrity.cpp">
      <Filter>Source Files\LCProblems\Array</Filter>
    </ClCompile>
    <ClCompile Include="..\..\..\Joanne%27s Data\LCProject\LCProject\314_BinaryTreeVerticalOrderTraversal.cpp">
      <Filter>Source Files\LCProblems\Tree</Filter>
    </ClCompile>
    <ClCompile Include="..\..\..\Joanne%27s Data\LCProject\LCProject\285_InorderSuccessor.cpp">
      <Filter>Source Files\LCProblems\Tree</Filter>
    </ClCompile>
    <ClCompile Include="BFS_LevelOrderPrintTree.cpp">
      <Filter>Source Files\Basics</Filter>
    </ClCompile>
    <ClCompile Include="..\..\..\Joanne%27s Data\LCProject\LCProject\334_IncreasingTripletSubsequence.cpp">
      <Filter>Source Files\LCProblems\DP</Filter>
    </ClCompile>
    <ClCompile Include="..\..\..\Joanne%27s Data\LCProject\LCProject\494_TargetSum.cpp">
      <Filter>Source Files\LCProblems\DP</Filter>
    </ClCompile>
    <ClCompile Include="..\..\..\Joanne%27s Data\LCProject\LCProject\419_PartitionEqualSubsetSum.cpp">
      <Filter>Source Files\LCProblems\DP</Filter>
    </ClCompile>
    <ClCompile Include="..\..\..\Joanne%27s Data\LCProject\LCProject\398_RandomPickIndex.cpp">
      <Filter>Source Files\LCProblems\Array</Filter>
    </ClCompile>
    <ClCompile Include="..\..\..\Joanne%27s Data\LCProject\LCProject\572_SubtreeOfAnotherTree.cpp">
      <Filter>Source Files\LCProblems\Tree</Filter>
    </ClCompile>
    <ClCompile Include="Dijkstra_KthSmallestNumberInMatrix.cpp">
      <Filter>Source Files\Basics\Class05</Filter>
    </ClCompile>
    <ClCompile Include="..\..\..\Joanne%27s Data\LCProject\LCProject\554_BrickWall.cpp">
      <Filter>Source Files\LCProblems\Scanning</Filter>
    </ClCompile>
    <ClCompile Include="..\..\..\Joanne%27s Data\LCProject\LCProject\543_DiameterOfBinaryTree.cpp">
      <Filter>Source Files\LCProblems\Tree</Filter>
    </ClCompile>
    <ClCompile Include="..\..\..\Joanne%27s Data\LCProject\LCProject\523_ContinuousSubarraySum.cpp">
      <Filter>Source Files\LCProblems\Array</Filter>
    </ClCompile>
    <ClCompile Include="..\..\..\Joanne%27s Data\LCProject\LCProject\482_LicenseKeyFormatting.cpp">
      <Filter>Source Files\LCProblems\String</Filter>
    </ClCompile>
    <ClCompile Include="..\..\..\Joanne%27s Data\LCProject\LCProject\276_PaintFence.cpp">
      <Filter>Source Files\LCProblems\Math</Filter>
    </ClCompile>
    <ClCompile Include="..\..\..\Joanne%27s Data\LCProject\LCProject\FenwickTree.cpp">
      <Filter>Source Files\DataStructures</Filter>
    </ClCompile>
    <ClCompile Include="..\..\..\Joanne%27s Data\LCProject\LCProject\getMedian.cpp">
      <Filter>Source Files\DataStructures</Filter>
    </ClCompile>
    <ClCompile Include="..\..\..\Joanne%27s Data\LCProject\LCProject\StringReplace.cpp">
      <Filter>Source Files\Basics\Class08_StringII</Filter>
    </ClCompile>
    <ClCompile Include="..\..\..\Joanne%27s Data\LCProject\LCProject\ReorderString.cpp">
      <Filter>Source Files\Basics\Class08_StringII</Filter>
    </ClCompile>
    <ClCompile Include="..\..\..\Joanne%27s Data\LCProject\LCProject\340_LongestSubstringWithKDistinctChars.cpp">
      <Filter>Source Files\LCProblems\String</Filter>
    </ClCompile>
    <ClCompile Include="304_RangeSumQueryMatrix_Immutable.cpp">
      <Filter>Source Files\LCProblems\DP</Filter>
    </ClCompile>
    <ClCompile Include="..\..\..\Joanne%27s Data\LCProject\LCProject\AllPermutationII_NoDuplicates.cpp">
      <Filter>Source Files\Basics\Class06_DFS</Filter>
    </ClCompile>
    <ClCompile Include="AllPermutationIII_Duplicates.cpp">
      <Filter>Source Files\Basics\Class08_StringII</Filter>
    </ClCompile>
    <ClCompile Include="..\..\..\Joanne%27s Data\LCProject\LCProject\AllAnagram.cpp">
      <Filter>Source Files\Basics\Class08_StringII</Filter>
    </ClCompile>
    <ClCompile Include="MissingNumberI.cpp">
      <Filter>Source Files\Basics\Class07_HashTable &amp; String I</Filter>
    </ClCompile>
    <ClCompile Include="Fibonacci.cpp">
      <Filter>Source Files\Basics\Class02_Recursion&amp;BinarySearch</Filter>
    </ClCompile>
    <ClCompile Include="AToThePowerOfB.cpp">
      <Filter>Source Files\Basics\Class02_Recursion&amp;BinarySearch</Filter>
    </ClCompile>
    <ClCompile Include="ClassicBinarySearch.cpp">
      <Filter>Source Files\Basics\Class02_Recursion&amp;BinarySearch</Filter>
    </ClCompile>
    <ClCompile Include="ClosestInSortedArray.cpp">
      <Filter>Source Files\Basics\Class02_Recursion&amp;BinarySearch</Filter>
    </ClCompile>
    <ClCompile Include="KClosestInSortedArray.cpp">
      <Filter>Source Files\Basics\Class02_Recursion&amp;BinarySearch</Filter>
    </ClCompile>
    <ClCompile Include="SelectionSort.cpp">
      <Filter>Source Files\Basics\Class01_Array&amp;Sort</Filter>
    </ClCompile>
    <ClCompile Include="MergeSort.cpp">
      <Filter>Source Files\Basics\Class01_Array&amp;Sort</Filter>
    </ClCompile>
    <ClCompile Include="QuickSort.cpp">
      <Filter>Source Files\Basics\Class01_Array&amp;Sort</Filter>
    </ClCompile>
    <ClCompile Include="RainbowSort.cpp">
      <Filter>Source Files\Basics\Class01_Array&amp;Sort</Filter>
    </ClCompile>
    <ClCompile Include="Move0sToTheEnd1.cpp">
      <Filter>Source Files\Basics\Class01_Array&amp;Sort</Filter>
    </ClCompile>
  </ItemGroup>
  <ItemGroup>
    <ClInclude Include="..\..\..\Joanne%27s Data\LCProject\LCProject\ListNode.h">
      <Filter>Source Files\DataStructures</Filter>
    </ClInclude>
    <ClInclude Include="BST.h">
      <Filter>Source Files\DataStructures</Filter>
    </ClInclude>
    <ClInclude Include="..\..\..\Joanne%27s Data\LCProject\LCProject\MinHeap.h">
      <Filter>Source Files\DataStructures</Filter>
    </ClInclude>
    <ClInclude Include="..\..\..\Joanne%27s Data\LCProject\LCProject\Interval.h">
      <Filter>Source Files\DataStructures</Filter>
    </ClInclude>
    <ClInclude Include="NestedInteger.h">
      <Filter>Source Files\DataStructures</Filter>
    </ClInclude>
    <ClInclude Include="..\..\..\Joanne%27s Data\LCProject\LCProject\tc.h">
      <Filter>Source Files\DataStructures</Filter>
    </ClInclude>
  </ItemGroup>
</Project>